{
  "originHash" : "90f769378b2b8be823138316f99ddb337e934bfdc1717f7298b6effe9c9d3224",
  "pins" : [
    {
      "identity" : "sentry-cocoa",
      "kind" : "remoteSourceControl",
      "location" : "https://github.com/getsentry/sentry-cocoa.git",
      "state" : {
        "revision" : "afa7510e05b99f35c1febe47566bfd868fa53fb9",
        "version" : "9.23.0"
      }
    }
  ],
  "version" : 3
}
