// !$*UTF8*$!
{
	archiveVersion = 1;
	classes = {
	};
	objectVersion = 46;
	objects = {

/* Begin PBXBuildFile section */
		020B98FE73216C70A48B71A0 /* AppIcon60x60@2x.png in Resources */ = {isa = PBXBuildFile; fileRef = DF33CB8EC45B8DF471AC8388 /* AppIcon60x60@2x.png */; };
		0BAA2F389EA33808B04EF8C6 /* AppIcon83.5x83.5@2x~ipad.png in Resources */ = {isa = PBXBuildFile; fileRef = 168EF4A4A6387DBAA244B52A /* AppIcon83.5x83.5@2x~ipad.png */; };
		17566F69F40E481B37EBCE14 /* WorkoutViewModel.swift in Sources */ = {isa = PBXBuildFile; fileRef = 45EEDACE199DF1A98E40422F /* WorkoutViewModel.swift */; };
		1D75A65E2B668EAB486E5091 /* AppIcon60x60@3x.png in Resources */ = {isa = PBXBuildFile; fileRef = CED602C088957507C4CB22D2 /* AppIcon60x60@3x.png */; };
		2AE6A7DA820DA16F056DBE2A /* Foundation.framework in Frameworks */ = {isa = PBXBuildFile; fileRef = 98C07079A586A0277DB3CAD5 /* Foundation.framework */; };
		33F426D0C6EA56BC3DAB284E /* TabataCore.swift in Sources */ = {isa = PBXBuildFile; fileRef = A54F80D1F1F9B4D1959BC57D /* TabataCore.swift */; };
		399DA0E8EB498202309533A5 /* TabataCore.swift in Sources */ = {isa = PBXBuildFile; fileRef = A54F80D1F1F9B4D1959BC57D /* TabataCore.swift */; };
		4482B514B9470695F2263AE2 /* TabataApp.swift in Sources */ = {isa = PBXBuildFile; fileRef = 14B2EBFB09DC5BAFB0964014 /* TabataApp.swift */; };
		48216E81BF83B14B05256A52 /* Assets.xcassets in Resources */ = {isa = PBXBuildFile; fileRef = 33548348E1D9BDF185CB349E /* Assets.xcassets */; };
		66F9264CC02EB0D374A941E2 /* TabataCore.swift in Sources */ = {isa = PBXBuildFile; fileRef = A54F80D1F1F9B4D1959BC57D /* TabataCore.swift */; };
		6C077DE363421CA752AF8B17 /* WatchWorkoutViewModel.swift in Sources */ = {isa = PBXBuildFile; fileRef = EEABBD42513C2FA416AF5552 /* WatchWorkoutViewModel.swift */; };
		7332B14518AD836C4EC4A309 /* PhoneConnectivity.swift in Sources */ = {isa = PBXBuildFile; fileRef = 9962784319EB08DEB5A9CE62 /* PhoneConnectivity.swift */; };
		7CE23200065F99A1DB781C41 /* TabataCoreTests.swift in Sources */ = {isa = PBXBuildFile; fileRef = AFD7520B33EDDB0BAF204686 /* TabataCoreTests.swift */; };
		A231D45BC1FD729AE2EB27B5 /* Foundation.framework in Frameworks */ = {isa = PBXBuildFile; fileRef = 999F173B3964E5932EB8BA83 /* Foundation.framework */; };
		B384B97F4664A304FFB5EFD7 /* TabataWatchApp.swift in Sources */ = {isa = PBXBuildFile; fileRef = 8B6900365772902EB97E4B45 /* TabataWatchApp.swift */; };
		CE9E1592A23A4B428F50FA28 /* WatchContentView.swift in Sources */ = {isa = PBXBuildFile; fileRef = 325613E5139DAF0002E70DFA /* WatchContentView.swift */; };
		DFD2A3066B3B559A8956D8F9 /* ContentView.swift in Sources */ = {isa = PBXBuildFile; fileRef = 7D0AC211E4C316429A36BB2A /* ContentView.swift */; };
		E7DA85CC1EC452A9C52F8472 /* AppIcon76x76@2x~ipad.png in Resources */ = {isa = PBXBuildFile; fileRef = 9E7993D3013FF287FA4F3E3C /* AppIcon76x76@2x~ipad.png */; };
		EDC96425402C8316CD61910F /* Foundation.framework in Frameworks */ = {isa = PBXBuildFile; fileRef = 98C07079A586A0277DB3CAD5 /* Foundation.framework */; };
		FCB52EFA5CB516536E3C8A3C /* WatchConnectivity.swift in Sources */ = {isa = PBXBuildFile; fileRef = B2CE09D0C3DA5F8BFEBEFD6B /* WatchConnectivity.swift */; };
/* End PBXBuildFile section */

/* Begin PBXFileReference section */
		14B2EBFB09DC5BAFB0964014 /* TabataApp.swift */ = {isa = PBXFileReference; includeInIndex = 1; lastKnownFileType = sourcecode.swift; name = TabataApp.swift; path = iOS/TabataApp.swift; sourceTree = "<group>"; };
		168EF4A4A6387DBAA244B52A /* AppIcon83.5x83.5@2x~ipad.png */ = {isa = PBXFileReference; includeInIndex = 1; lastKnownFileType = image.png; name = "AppIcon83.5x83.5@2x~ipad.png"; path = "Resources/AppIcon83.5x83.5@2x~ipad.png"; sourceTree = "<group>"; };
		325613E5139DAF0002E70DFA /* WatchContentView.swift */ = {isa = PBXFileReference; includeInIndex = 1; lastKnownFileType = sourcecode.swift; name = WatchContentView.swift; path = Watch/WatchContentView.swift; sourceTree = "<group>"; };
		33548348E1D9BDF185CB349E /* Assets.xcassets */ = {isa = PBXFileReference; includeInIndex = 1; lastKnownFileType = folder.assetcatalog; path = Assets.xcassets; sourceTree = "<group>"; };
		419C237197713474363C0120 /* Tabata Watch App.app */ = {isa = PBXFileReference; explicitFileType = wrapper.application; includeInIndex = 0; path = "Tabata Watch App.app"; sourceTree = BUILT_PRODUCTS_DIR; };
		45EEDACE199DF1A98E40422F /* WorkoutViewModel.swift */ = {isa = PBXFileReference; includeInIndex = 1; lastKnownFileType = sourcecode.swift; name = WorkoutViewModel.swift; path = iOS/WorkoutViewModel.swift; sourceTree = "<group>"; };
		7D0AC211E4C316429A36BB2A /* ContentView.swift */ = {isa = PBXFileReference; includeInIndex = 1; lastKnownFileType = sourcecode.swift; name = ContentView.swift; path = iOS/ContentView.swift; sourceTree = "<group>"; };
		8B6900365772902EB97E4B45 /* TabataWatchApp.swift */ = {isa = PBXFileReference; includeInIndex = 1; lastKnownFileType = sourcecode.swift; name = TabataWatchApp.swift; path = Watch/TabataWatchApp.swift; sourceTree = "<group>"; };
		98C07079A586A0277DB3CAD5 /* Foundation.framework */ = {isa = PBXFileReference; lastKnownFileType = wrapper.framework; name = Foundation.framework; path = Platforms/iPhoneOS.platform/Developer/SDKs/iPhoneOS18.0.sdk/System/Library/Frameworks/Foundation.framework; sourceTree = DEVELOPER_DIR; };
		9962784319EB08DEB5A9CE62 /* PhoneConnectivity.swift */ = {isa = PBXFileReference; includeInIndex = 1; lastKnownFileType = sourcecode.swift; name = PhoneConnectivity.swift; path = iOS/PhoneConnectivity.swift; sourceTree = "<group>"; };
		999F173B3964E5932EB8BA83 /* Foundation.framework */ = {isa = PBXFileReference; lastKnownFileType = wrapper.framework; name = Foundation.framework; path = Platforms/WatchOS.platform/Developer/SDKs/WatchOS11.0.sdk/System/Library/Frameworks/Foundation.framework; sourceTree = DEVELOPER_DIR; };
		9E21953EF2DF5619F5A44962 /* TabataTests.xctest */ = {isa = PBXFileReference; explicitFileType = wrapper.cfbundle; includeInIndex = 0; path = TabataTests.xctest; sourceTree = BUILT_PRODUCTS_DIR; };
		9E7993D3013FF287FA4F3E3C /* AppIcon76x76@2x~ipad.png */ = {isa = PBXFileReference; includeInIndex = 1; lastKnownFileType = image.png; name = "AppIcon76x76@2x~ipad.png"; path = "Resources/AppIcon76x76@2x~ipad.png"; sourceTree = "<group>"; };
		A54F80D1F1F9B4D1959BC57D /* TabataCore.swift */ = {isa = PBXFileReference; includeInIndex = 1; lastKnownFileType = sourcecode.swift; name = TabataCore.swift; path = Shared/TabataCore.swift; sourceTree = "<group>"; };
		AFD7520B33EDDB0BAF204686 /* TabataCoreTests.swift */ = {isa = PBXFileReference; includeInIndex = 1; lastKnownFileType = sourcecode.swift; name = TabataCoreTests.swift; path = Tests/TabataCoreTests.swift; sourceTree = "<group>"; };
		B2CE09D0C3DA5F8BFEBEFD6B /* WatchConnectivity.swift */ = {isa = PBXFileReference; includeInIndex = 1; lastKnownFileType = sourcecode.swift; name = WatchConnectivity.swift; path = Watch/WatchConnectivity.swift; sourceTree = "<group>"; };
		BF72671E91AC8FC83A2F816E /* Tabata.app */ = {isa = PBXFileReference; explicitFileType = wrapper.application; includeInIndex = 0; path = Tabata.app; sourceTree = BUILT_PRODUCTS_DIR; };
		CED602C088957507C4CB22D2 /* AppIcon60x60@3x.png */ = {isa = PBXFileReference; includeInIndex = 1; lastKnownFileType = image.png; name = "AppIcon60x60@3x.png"; path = "Resources/AppIcon60x60@3x.png"; sourceTree = "<group>"; };
		DF33CB8EC45B8DF471AC8388 /* AppIcon60x60@2x.png */ = {isa = PBXFileReference; includeInIndex = 1; lastKnownFileType = image.png; name = "AppIcon60x60@2x.png"; path = "Resources/AppIcon60x60@2x.png"; sourceTree = "<group>"; };
		EEABBD42513C2FA416AF5552 /* WatchWorkoutViewModel.swift */ = {isa = PBXFileReference; includeInIndex = 1; lastKnownFileType = sourcecode.swift; name = WatchWorkoutViewModel.swift; path = Watch/WatchWorkoutViewModel.swift; sourceTree = "<group>"; };
/* End PBXFileReference section */

/* Begin PBXFrameworksBuildPhase section */
		06DB6498A4C18B071C77533F /* Frameworks */ = {
			isa = PBXFrameworksBuildPhase;
			buildActionMask = 2147483647;
			files = (
				A231D45BC1FD729AE2EB27B5 /* Foundation.framework in Frameworks */,
			);
			runOnlyForDeploymentPostprocessing = 0;
		};
		ACDD35B70A0816D344299323 /* Frameworks */ = {
			isa = PBXFrameworksBuildPhase;
			buildActionMask = 2147483647;
			files = (
				2AE6A7DA820DA16F056DBE2A /* Foundation.framework in Frameworks */,
			);
			runOnlyForDeploymentPostprocessing = 0;
		};
		F524A2734A7DE24CEEE31ED4 /* Frameworks */ = {
			isa = PBXFrameworksBuildPhase;
			buildActionMask = 2147483647;
			files = (
				EDC96425402C8316CD61910F /* Foundation.framework in Frameworks */,
			);
			runOnlyForDeploymentPostprocessing = 0;
		};
/* End PBXFrameworksBuildPhase section */

/* Begin PBXGroup section */
		28BA640C178A57EF7156D393 /* iOS */ = {
			isa = PBXGroup;
			children = (
				98C07079A586A0277DB3CAD5 /* Foundation.framework */,
			);
			name = iOS;
			sourceTree = "<group>";
		};
		41E9D9D3AD798FA40AC3800A /* Frameworks */ = {
			isa = PBXGroup;
			children = (
				28BA640C178A57EF7156D393 /* iOS */,
				61E5695E4FA48B50755A9D86 /* watchOS */,
			);
			name = Frameworks;
			sourceTree = "<group>";
		};
		61E5695E4FA48B50755A9D86 /* watchOS */ = {
			isa = PBXGroup;
			children = (
				999F173B3964E5932EB8BA83 /* Foundation.framework */,
			);
			name = watchOS;
			sourceTree = "<group>";
		};
		95DFA5EDF7E813144B97ABE4 /* Products */ = {
			isa = PBXGroup;
			children = (
				BF72671E91AC8FC83A2F816E /* Tabata.app */,
				419C237197713474363C0120 /* Tabata Watch App.app */,
				9E21953EF2DF5619F5A44962 /* TabataTests.xctest */,
			);
			name = Products;
			sourceTree = "<group>";
		};
		9F7AF10266CE910185DF9654 = {
			isa = PBXGroup;
			children = (
				95DFA5EDF7E813144B97ABE4 /* Products */,
				41E9D9D3AD798FA40AC3800A /* Frameworks */,
				A54F80D1F1F9B4D1959BC57D /* TabataCore.swift */,
				14B2EBFB09DC5BAFB0964014 /* TabataApp.swift */,
				7D0AC211E4C316429A36BB2A /* ContentView.swift */,
				45EEDACE199DF1A98E40422F /* WorkoutViewModel.swift */,
				9962784319EB08DEB5A9CE62 /* PhoneConnectivity.swift */,
				8B6900365772902EB97E4B45 /* TabataWatchApp.swift */,
				325613E5139DAF0002E70DFA /* WatchContentView.swift */,
				EEABBD42513C2FA416AF5552 /* WatchWorkoutViewModel.swift */,
				B2CE09D0C3DA5F8BFEBEFD6B /* WatchConnectivity.swift */,
				AFD7520B33EDDB0BAF204686 /* TabataCoreTests.swift */,
				33548348E1D9BDF185CB349E /* Assets.xcassets */,
				DF33CB8EC45B8DF471AC8388 /* AppIcon60x60@2x.png */,
				CED602C088957507C4CB22D2 /* AppIcon60x60@3x.png */,
				9E7993D3013FF287FA4F3E3C /* AppIcon76x76@2x~ipad.png */,
				168EF4A4A6387DBAA244B52A /* AppIcon83.5x83.5@2x~ipad.png */,
			);
			sourceTree = "<group>";
		};
/* End PBXGroup section */

/* Begin PBXNativeTarget section */
		861F710E1EB480D10F683CB2 /* TabataTests */ = {
			isa = PBXNativeTarget;
			buildConfigurationList = BA254D750CE05E8E97B28254 /* Build configuration list for PBXNativeTarget "TabataTests" */;
			buildPhases = (
				6A1D539FA904021F58970E13 /* Sources */,
				F524A2734A7DE24CEEE31ED4 /* Frameworks */,
				D5BA3D4C7C52C7BF6ADE24B6 /* Resources */,
			);
			buildRules = (
			);
			dependencies = (
			);
			name = TabataTests;
			productName = TabataTests;
			productReference = 9E21953EF2DF5619F5A44962 /* TabataTests.xctest */;
			productType = "com.apple.product-type.bundle.unit-test";
		};
		B9442AFEA136562E8A9B9785 /* Tabata */ = {
			isa = PBXNativeTarget;
			buildConfigurationList = E6B6DF6A997D134FCBAB73FA /* Build configuration list for PBXNativeTarget "Tabata" */;
			buildPhases = (
				3027A3CF2022A7993DD2F406 /* Sources */,
				ACDD35B70A0816D344299323 /* Frameworks */,
				4E3BB77ACF681278F522D106 /* Resources */,
			);
			buildRules = (
			);
			dependencies = (
			);
			name = Tabata;
			productName = Tabata;
			productReference = BF72671E91AC8FC83A2F816E /* Tabata.app */;
			productType = "com.apple.product-type.application";
		};
		F62E2F27ED1A08DF08BD74CB /* Tabata Watch App */ = {
			isa = PBXNativeTarget;
			buildConfigurationList = 1A61B7CCC2D62DB7DBE8B266 /* Build configuration list for PBXNativeTarget "Tabata Watch App" */;
			buildPhases = (
				7775384B87927BEBDD45C961 /* Sources */,
				06DB6498A4C18B071C77533F /* Frameworks */,
				628ED9A651F0AF3F130C583A /* Resources */,
			);
			buildRules = (
			);
			dependencies = (
			);
			name = "Tabata Watch App";
			productName = "Tabata Watch App";
			productReference = 419C237197713474363C0120 /* Tabata Watch App.app */;
			productType = "com.apple.product-type.application";
		};
/* End PBXNativeTarget section */

/* Begin PBXProject section */
		7B2E88D1818823FDEEDB59C7 /* Project object */ = {
			isa = PBXProject;
			attributes = {
				LastSwiftUpdateCheck = 1600;
				LastUpgradeCheck = 1600;
			};
			buildConfigurationList = 5075278F06FBFB328A5CE1B5 /* Build configuration list for PBXProject "Tabata" */;
			compatibilityVersion = "Xcode 3.2";
			developmentRegion = en;
			hasScannedForEncodings = 0;
			knownRegions = (
				en,
				Base,
			);
			mainGroup = 9F7AF10266CE910185DF9654;
			minimizedProjectReferenceProxies = 0;
			preferredProjectObjectVersion = 77;
			productRefGroup = 95DFA5EDF7E813144B97ABE4 /* Products */;
			projectDirPath = "";
			projectRoot = "";
			targets = (
				B9442AFEA136562E8A9B9785 /* Tabata */,
				F62E2F27ED1A08DF08BD74CB /* Tabata Watch App */,
				861F710E1EB480D10F683CB2 /* TabataTests */,
			);
		};
/* End PBXProject section */

/* Begin PBXResourcesBuildPhase section */
		4E3BB77ACF681278F522D106 /* Resources */ = {
			isa = PBXResourcesBuildPhase;
			buildActionMask = 2147483647;
			files = (
				48216E81BF83B14B05256A52 /* Assets.xcassets in Resources */,
				020B98FE73216C70A48B71A0 /* AppIcon60x60@2x.png in Resources */,
				1D75A65E2B668EAB486E5091 /* AppIcon60x60@3x.png in Resources */,
				E7DA85CC1EC452A9C52F8472 /* AppIcon76x76@2x~ipad.png in Resources */,
				0BAA2F389EA33808B04EF8C6 /* AppIcon83.5x83.5@2x~ipad.png in Resources */,
			);
			runOnlyForDeploymentPostprocessing = 0;
		};
		628ED9A651F0AF3F130C583A /* Resources */ = {
			isa = PBXResourcesBuildPhase;
			buildActionMask = 2147483647;
			files = (
			);
			runOnlyForDeploymentPostprocessing = 0;
		};
		D5BA3D4C7C52C7BF6ADE24B6 /* Resources */ = {
			isa = PBXResourcesBuildPhase;
			buildActionMask = 2147483647;
			files = (
			);
			runOnlyForDeploymentPostprocessing = 0;
		};
/* End PBXResourcesBuildPhase section */

/* Begin PBXSourcesBuildPhase section */
		3027A3CF2022A7993DD2F406 /* Sources */ = {
			isa = PBXSourcesBuildPhase;
			buildActionMask = 2147483647;
			files = (
				33F426D0C6EA56BC3DAB284E /* TabataCore.swift in Sources */,
				4482B514B9470695F2263AE2 /* TabataApp.swift in Sources */,
				DFD2A3066B3B559A8956D8F9 /* ContentView.swift in Sources */,
				17566F69F40E481B37EBCE14 /* WorkoutViewModel.swift in Sources */,
				7332B14518AD836C4EC4A309 /* PhoneConnectivity.swift in Sources */,
			);
			runOnlyForDeploymentPostprocessing = 0;
		};
		6A1D539FA904021F58970E13 /* Sources */ = {
			isa = PBXSourcesBuildPhase;
			buildActionMask = 2147483647;
			files = (
				66F9264CC02EB0D374A941E2 /* TabataCore.swift in Sources */,
				7CE23200065F99A1DB781C41 /* TabataCoreTests.swift in Sources */,
			);
			runOnlyForDeploymentPostprocessing = 0;
		};
		7775384B87927BEBDD45C961 /* Sources */ = {
			isa = PBXSourcesBuildPhase;
			buildActionMask = 2147483647;
			files = (
				399DA0E8EB498202309533A5 /* TabataCore.swift in Sources */,
				B384B97F4664A304FFB5EFD7 /* TabataWatchApp.swift in Sources */,
				CE9E1592A23A4B428F50FA28 /* WatchContentView.swift in Sources */,
				6C077DE363421CA752AF8B17 /* WatchWorkoutViewModel.swift in Sources */,
				FCB52EFA5CB516536E3C8A3C /* WatchConnectivity.swift in Sources */,
			);
			runOnlyForDeploymentPostprocessing = 0;
		};
/* End PBXSourcesBuildPhase section */

/* Begin XCBuildConfiguration section */
		19E1F63857AD668C8A7D536E /* Debug */ = {
			isa = XCBuildConfiguration;
			buildSettings = {
				ALWAYS_SEARCH_USER_PATHS = NO;
				CLANG_ANALYZER_NONNULL = YES;
				CLANG_ANALYZER_NUMBER_OBJECT_CONVERSION = YES_AGGRESSIVE;
				CLANG_CXX_LANGUAGE_STANDARD = "gnu++14";
				CLANG_CXX_LIBRARY = "libc++";
				CLANG_ENABLE_MODULES = YES;
				CLANG_ENABLE_OBJC_ARC = YES;
				CLANG_ENABLE_OBJC_WEAK = YES;
				CLANG_WARN_BLOCK_CAPTURE_AUTORELEASING = YES;
				CLANG_WARN_BOOL_CONVERSION = YES;
				CLANG_WARN_COMMA = YES;
				CLANG_WARN_CONSTANT_CONVERSION = YES;
				CLANG_WARN_DEPRECATED_OBJC_IMPLEMENTATIONS = YES;
				CLANG_WARN_DIRECT_OBJC_ISA_USAGE = YES_ERROR;
				CLANG_WARN_DOCUMENTATION_COMMENTS = YES;
				CLANG_WARN_EMPTY_BODY = YES;
				CLANG_WARN_ENUM_CONVERSION = YES;
				CLANG_WARN_INFINITE_RECURSION = YES;
				CLANG_WARN_INT_CONVERSION = YES;
				CLANG_WARN_NON_LITERAL_NULL_CONVERSION = YES;
				CLANG_WARN_OBJC_IMPLICIT_RETAIN_SELF = YES;
				CLANG_WARN_OBJC_LITERAL_CONVERSION = YES;
				CLANG_WARN_OBJC_ROOT_CLASS = YES_ERROR;
				CLANG_WARN_QUOTED_INCLUDE_IN_FRAMEWORK_HEADER = YES;
				CLANG_WARN_RANGE_LOOP_ANALYSIS = YES;
				CLANG_WARN_STRICT_PROTOTYPES = YES;
				CLANG_WARN_SUSPICIOUS_MOVE = YES;
				CLANG_WARN_UNGUARDED_AVAILABILITY = YES_AGGRESSIVE;
				CLANG_WARN_UNREACHABLE_CODE = YES;
				CLANG_WARN__DUPLICATE_METHOD_MATCH = YES;
				COPY_PHASE_STRIP = NO;
				DEBUG_INFORMATION_FORMAT = dwarf;
				ENABLE_STRICT_OBJC_MSGSEND = YES;
				ENABLE_TESTABILITY = YES;
				GCC_C_LANGUAGE_STANDARD = gnu11;
				GCC_DYNAMIC_NO_PIC = NO;
				GCC_NO_COMMON_BLOCKS = YES;
				GCC_OPTIMIZATION_LEVEL = 0;
				GCC_PREPROCESSOR_DEFINITIONS = (
					"DEBUG=1",
					"$(inherited)",
				);
				GCC_WARN_64_TO_32_BIT_CONVERSION = YES;
				GCC_WARN_ABOUT_RETURN_TYPE = YES_ERROR;
				GCC_WARN_UNDECLARED_SELECTOR = YES;
				GCC_WARN_UNINITIALIZED_AUTOS = YES_AGGRESSIVE;
				GCC_WARN_UNUSED_FUNCTION = YES;
				GCC_WARN_UNUSED_VARIABLE = YES;
				MTL_ENABLE_DEBUG_INFO = INCLUDE_SOURCE;
				MTL_FAST_MATH = YES;
				ONLY_ACTIVE_ARCH = YES;
				PRODUCT_NAME = "$(TARGET_NAME)";
				SWIFT_ACTIVE_COMPILATION_CONDITIONS = DEBUG;
				SWIFT_OPTIMIZATION_LEVEL = "-Onone";
				SWIFT_VERSION = 5.0;
			};
			name = Debug;
		};
		1DB706FC584D1270E3066D9F /* Release */ = {
			isa = XCBuildConfiguration;
			buildSettings = {
				CODE_SIGN_STYLE = Automatic;
				CURRENT_PROJECT_VERSION = 1;
				DEVELOPMENT_TEAM = "";
				GENERATE_INFOPLIST_FILE = YES;
				INFOPLIST_KEY_CFBundleDisplayName = "Tabata Ticker";
				INFOPLIST_KEY_WKCompanionAppBundleIdentifier = com.merimerimeri.Tabata;
				MARKETING_VERSION = 1.0;
				PRODUCT_BUNDLE_IDENTIFIER = com.merimerimeri.Tabata.watchkitapp;
				PRODUCT_NAME = "$(TARGET_NAME)";
				SDKROOT = watchos;
				SKIP_INSTALL = YES;
				SUPPORTS_MAC_DESIGNED_FOR_IPHONE_IPAD = NO;
				SWIFT_VERSION = 6.0;
				TARGETED_DEVICE_FAMILY = 4;
				VALIDATE_PRODUCT = YES;
				WATCHOS_DEPLOYMENT_TARGET = 26.0;
			};
			name = Release;
		};
		21FA6CF228CD17CE44C2D202 /* Debug */ = {
			isa = XCBuildConfiguration;
			buildSettings = {
				CLANG_ENABLE_OBJC_WEAK = NO;
				CODE_SIGN_STYLE = Automatic;
				CURRENT_PROJECT_VERSION = 1;
				DEVELOPMENT_TEAM = "";
				GENERATE_INFOPLIST_FILE = NO;
				INFOPLIST_FILE = iOS/Info.plist;
				IPHONEOS_DEPLOYMENT_TARGET = 26.0;
				LD_RUNPATH_SEARCH_PATHS = "$(inherited) @executable_path/Frameworks";
				MARKETING_VERSION = 1.0;
				PRODUCT_BUNDLE_IDENTIFIER = com.merimerimeri.Tabata;
				PRODUCT_NAME = "$(TARGET_NAME)";
				SDKROOT = iphonesimulator;
				SUPPORTS_MAC_DESIGNED_FOR_IPHONE_IPAD = NO;
				SUPPORTS_XR_DESIGNED_FOR_IPHONE_IPAD = NO;
				SWIFT_VERSION = 6.0;
				TARGETED_DEVICE_FAMILY = "1,2";
			};
			name = Debug;
		};
		23ED902F1C3FBA3DA1495AD9 /* Release */ = {
			isa = XCBuildConfiguration;
			buildSettings = {
				ASSETCATALOG_COMPILER_APPICON_NAME = AppIcon;
				CLANG_ENABLE_OBJC_WEAK = NO;
				CODE_SIGN_STYLE = Automatic;
				CURRENT_PROJECT_VERSION = 1;
				DEVELOPMENT_TEAM = "";
				GENERATE_INFOPLIST_FILE = NO;
				INFOPLIST_FILE = iOS/Info.plist;
				IPHONEOS_DEPLOYMENT_TARGET = 26.0;
				LD_RUNPATH_SEARCH_PATHS = "$(inherited) @executable_path/Frameworks";
				MARKETING_VERSION = 1.0;
				PRODUCT_BUNDLE_IDENTIFIER = com.merimerimeri.Tabata;
				PRODUCT_NAME = "$(TARGET_NAME)";
				SDKROOT = iphoneos;
				SUPPORTS_MAC_DESIGNED_FOR_IPHONE_IPAD = NO;
				SUPPORTS_XR_DESIGNED_FOR_IPHONE_IPAD = NO;
				SWIFT_VERSION = 6.0;
				TARGETED_DEVICE_FAMILY = "1,2";
				VALIDATE_PRODUCT = YES;
			};
			name = Release;
		};
		4C235D4CAD2D9653846B682E /* Debug */ = {
			isa = XCBuildConfiguration;
			buildSettings = {
				CODE_SIGN_STYLE = Automatic;
				CURRENT_PROJECT_VERSION = 1;
				DEVELOPMENT_TEAM = "";
				GENERATE_INFOPLIST_FILE = YES;
				INFOPLIST_KEY_CFBundleDisplayName = "Tabata Ticker";
				INFOPLIST_KEY_WKCompanionAppBundleIdentifier = com.merimerimeri.Tabata;
				MARKETING_VERSION = 1.0;
				PRODUCT_BUNDLE_IDENTIFIER = com.merimerimeri.Tabata.watchkitapp;
				PRODUCT_NAME = "$(TARGET_NAME)";
				SDKROOT = watchsimulator;
				SKIP_INSTALL = YES;
				SUPPORTS_MAC_DESIGNED_FOR_IPHONE_IPAD = NO;
				SWIFT_VERSION = 6.0;
				TARGETED_DEVICE_FAMILY = 4;
				WATCHOS_DEPLOYMENT_TARGET = 26.0;
			};
			name = Debug;
		};
		A1CD75347442F8C261D7F4CA /* Release */ = {
			isa = XCBuildConfiguration;
			buildSettings = {
				CLANG_ENABLE_OBJC_WEAK = NO;
				CODE_SIGN_STYLE = Automatic;
				CURRENT_PROJECT_VERSION = 1;
				DEVELOPMENT_TEAM = "";
				GENERATE_INFOPLIST_FILE = YES;
				IPHONEOS_DEPLOYMENT_TARGET = 26.0;
				MARKETING_VERSION = 1.0;
				PRODUCT_BUNDLE_IDENTIFIER = com.merimerimeri.Tabata.tests;
				PRODUCT_NAME = "$(TARGET_NAME)";
				SDKROOT = iphonesimulator;
				SWIFT_VERSION = 6.0;
				TARGETED_DEVICE_FAMILY = "1,2";
				TEST_HOST = "";
				VALIDATE_PRODUCT = YES;
			};
			name = Release;
		};
		DCEABF7D8736A59FB601C1E5 /* Release */ = {
			isa = XCBuildConfiguration;
			buildSettings = {
				ALWAYS_SEARCH_USER_PATHS = NO;
				CLANG_ANALYZER_NONNULL = YES;
				CLANG_ANALYZER_NUMBER_OBJECT_CONVERSION = YES_AGGRESSIVE;
				CLANG_CXX_LANGUAGE_STANDARD = "gnu++14";
				CLANG_CXX_LIBRARY = "libc++";
				CLANG_ENABLE_MODULES = YES;
				CLANG_ENABLE_OBJC_ARC = YES;
				CLANG_ENABLE_OBJC_WEAK = YES;
				CLANG_WARN_BLOCK_CAPTURE_AUTORELEASING = YES;
				CLANG_WARN_BOOL_CONVERSION = YES;
				CLANG_WARN_COMMA = YES;
				CLANG_WARN_CONSTANT_CONVERSION = YES;
				CLANG_WARN_DEPRECATED_OBJC_IMPLEMENTATIONS = YES;
				CLANG_WARN_DIRECT_OBJC_ISA_USAGE = YES_ERROR;
				CLANG_WARN_DOCUMENTATION_COMMENTS = YES;
				CLANG_WARN_EMPTY_BODY = YES;
				CLANG_WARN_ENUM_CONVERSION = YES;
				CLANG_WARN_INFINITE_RECURSION = YES;
				CLANG_WARN_INT_CONVERSION = YES;
				CLANG_WARN_NON_LITERAL_NULL_CONVERSION = YES;
				CLANG_WARN_OBJC_IMPLICIT_RETAIN_SELF = YES;
				CLANG_WARN_OBJC_LITERAL_CONVERSION = YES;
				CLANG_WARN_OBJC_ROOT_CLASS = YES_ERROR;
				CLANG_WARN_QUOTED_INCLUDE_IN_FRAMEWORK_HEADER = YES;
				CLANG_WARN_RANGE_LOOP_ANALYSIS = YES;
				CLANG_WARN_STRICT_PROTOTYPES = YES;
				CLANG_WARN_SUSPICIOUS_MOVE = YES;
				CLANG_WARN_UNGUARDED_AVAILABILITY = YES_AGGRESSIVE;
				CLANG_WARN_UNREACHABLE_CODE = YES;
				CLANG_WARN__DUPLICATE_METHOD_MATCH = YES;
				COPY_PHASE_STRIP = NO;
				DEBUG_INFORMATION_FORMAT = "dwarf-with-dsym";
				ENABLE_NS_ASSERTIONS = NO;
				ENABLE_STRICT_OBJC_MSGSEND = YES;
				GCC_C_LANGUAGE_STANDARD = gnu11;
				GCC_NO_COMMON_BLOCKS = YES;
				GCC_WARN_64_TO_32_BIT_CONVERSION = YES;
				GCC_WARN_ABOUT_RETURN_TYPE = YES_ERROR;
				GCC_WARN_UNDECLARED_SELECTOR = YES;
				GCC_WARN_UNINITIALIZED_AUTOS = YES_AGGRESSIVE;
				GCC_WARN_UNUSED_FUNCTION = YES;
				GCC_WARN_UNUSED_VARIABLE = YES;
				MTL_ENABLE_DEBUG_INFO = NO;
				MTL_FAST_MATH = YES;
				PRODUCT_NAME = "$(TARGET_NAME)";
				SWIFT_COMPILATION_MODE = wholemodule;
				SWIFT_OPTIMIZATION_LEVEL = "-O";
				SWIFT_VERSION = 5.0;
			};
			name = Release;
		};
		E1A4486CF0DB04AA758B5820 /* Debug */ = {
			isa = XCBuildConfiguration;
			buildSettings = {
				CLANG_ENABLE_OBJC_WEAK = NO;
				CODE_SIGN_STYLE = Automatic;
				CURRENT_PROJECT_VERSION = 1;
				DEVELOPMENT_TEAM = "";
				GENERATE_INFOPLIST_FILE = YES;
				IPHONEOS_DEPLOYMENT_TARGET = 26.0;
				MARKETING_VERSION = 1.0;
				PRODUCT_BUNDLE_IDENTIFIER = com.merimerimeri.Tabata.tests;
				PRODUCT_NAME = "$(TARGET_NAME)";
				SDKROOT = iphonesimulator;
				SWIFT_VERSION = 6.0;
				TARGETED_DEVICE_FAMILY = "1,2";
				TEST_HOST = "";
			};
			name = Debug;
		};
/* End XCBuildConfiguration section */

/* Begin XCConfigurationList section */
		1A61B7CCC2D62DB7DBE8B266 /* Build configuration list for PBXNativeTarget "Tabata Watch App" */ = {
			isa = XCConfigurationList;
			buildConfigurations = (
				1DB706FC584D1270E3066D9F /* Release */,
				4C235D4CAD2D9653846B682E /* Debug */,
			);
			defaultConfigurationIsVisible = 0;
			defaultConfigurationName = Release;
		};
		5075278F06FBFB328A5CE1B5 /* Build configuration list for PBXProject "Tabata" */ = {
			isa = XCConfigurationList;
			buildConfigurations = (
				19E1F63857AD668C8A7D536E /* Debug */,
				DCEABF7D8736A59FB601C1E5 /* Release */,
			);
			defaultConfigurationIsVisible = 0;
			defaultConfigurationName = Release;
		};
		BA254D750CE05E8E97B28254 /* Build configuration list for PBXNativeTarget "TabataTests" */ = {
			isa = XCConfigurationList;
			buildConfigurations = (
				A1CD75347442F8C261D7F4CA /* Release */,
				E1A4486CF0DB04AA758B5820 /* Debug */,
			);
			defaultConfigurationIsVisible = 0;
			defaultConfigurationName = Release;
		};
		E6B6DF6A997D134FCBAB73FA /* Build configuration list for PBXNativeTarget "Tabata" */ = {
			isa = XCConfigurationList;
			buildConfigurations = (
				23ED902F1C3FBA3DA1495AD9 /* Release */,
				21FA6CF228CD17CE44C2D202 /* Debug */,
			);
			defaultConfigurationIsVisible = 0;
			defaultConfigurationName = Release;
		};
/* End XCConfigurationList section */
	};
	rootObject = 7B2E88D1818823FDEEDB59C7 /* Project object */;
}
