// !$*UTF8*$!
{
	archiveVersion = 1;
	classes = {
	};
	objectVersion = 46;
	objects = {

/* Begin PBXBuildFile section */
		037EB444B25E041B728F7594 /* Foundation.framework in Frameworks */ = {isa = PBXBuildFile; fileRef = E8F2A3FC051AE1E5497A6D50 /* Foundation.framework */; };
		057FA9C4ECFCB6BDF61DF21A /* Assets.xcassets in Resources */ = {isa = PBXBuildFile; fileRef = 192CA3B16E08E1AF4B82F8F5 /* Assets.xcassets */; };
		05829E81B0A8B0740D18D653 /* TabataCore.swift in Sources */ = {isa = PBXBuildFile; fileRef = 122B0720081DF03C5559D867 /* TabataCore.swift */; };
		0E3355AF63145F5BA563B4AF /* Cocoa.framework in Frameworks */ = {isa = PBXBuildFile; fileRef = FDBC7ABEBC1C7D013ED30121 /* Cocoa.framework */; };
		1A8B7BCDB6852D5FB187F662 /* WatchConnectivity.swift in Sources */ = {isa = PBXBuildFile; fileRef = 5FE27A231FAC93CCAA9A7253 /* WatchConnectivity.swift */; };
		1BDD95952452A10D3E114FC8 /* TabataCoreTests.swift in Sources */ = {isa = PBXBuildFile; fileRef = 0B615D54FAFC671C7DAD328C /* TabataCoreTests.swift */; };
		1EE3784B89B1C746FCCAA176 /* Assets.xcassets in Resources */ = {isa = PBXBuildFile; fileRef = 192CA3B16E08E1AF4B82F8F5 /* Assets.xcassets */; };
		70C1F50B7C79F808D12A6554 /* AppIcon60x60@3x.png in Resources */ = {isa = PBXBuildFile; fileRef = D1AC21B550DA416A52741EB5 /* AppIcon60x60@3x.png */; };
		8B5CED2AC63EE111F56C1FE0 /* TabataApp.swift in Sources */ = {isa = PBXBuildFile; fileRef = 6DC753F9B974F8EF00ABEEA6 /* TabataApp.swift */; };
		8E29F673BE27BF1268B7CCE7 /* WatchWorkoutViewModel.swift in Sources */ = {isa = PBXBuildFile; fileRef = 01574A530BA805D19A44E60D /* WatchWorkoutViewModel.swift */; };
		914674608602B8B31C5ACB4F /* TabataWatchApp.swift in Sources */ = {isa = PBXBuildFile; fileRef = 540C5C06568926BFF2571BFD /* TabataWatchApp.swift */; };
		A7E234B5DBC2C2DA41926D97 /* TabataCore.swift in Sources */ = {isa = PBXBuildFile; fileRef = 122B0720081DF03C5559D867 /* TabataCore.swift */; };
		AA51EAFCE878C948EB726D29 /* Tabata Watch App.app in Embed Watch Content */ = {isa = PBXBuildFile; fileRef = AE0A1606136B5B386D650718 /* Tabata Watch App.app */; settings = {ATTRIBUTES = (RemoveHeadersOnCopy, ); }; };
		B83B68F2173B6F2FF1048183 /* AppIcon83.5x83.5@2x~ipad.png in Resources */ = {isa = PBXBuildFile; fileRef = CB1621C90B7D6387121BEE6D /* AppIcon83.5x83.5@2x~ipad.png */; };
		C9B7AF20CE3F134DB39068B3 /* PhoneConnectivity.swift in Sources */ = {isa = PBXBuildFile; fileRef = 0B2125654139A7E2BC95E5B9 /* PhoneConnectivity.swift */; };
		CFEB13277E3F37F167317B1D /* WorkoutViewModel.swift in Sources */ = {isa = PBXBuildFile; fileRef = F7409E13B78D236A2926D62F /* WorkoutViewModel.swift */; };
		D258B51B94DF744E015863C6 /* AppIcon60x60@2x.png in Resources */ = {isa = PBXBuildFile; fileRef = B40AA65599725FDC8C6D1EA4 /* AppIcon60x60@2x.png */; };
		EC57C25263B8537D86B909BD /* WatchContentView.swift in Sources */ = {isa = PBXBuildFile; fileRef = ABEB4E7DBB82F327F72802D6 /* WatchContentView.swift */; };
		EF769A71C2D99883ADDDE7DE /* TabataCore in Frameworks */ = {isa = PBXBuildFile; productRef = 603F55BA60860F265692D612 /* TabataCore */; };
		F1F897CC2E1C1083297CE360 /* Foundation.framework in Frameworks */ = {isa = PBXBuildFile; fileRef = 06981D8030CBB424E8B597E9 /* Foundation.framework */; };
		F1FC5B1C23DA8A86CED71A41 /* ContentView.swift in Sources */ = {isa = PBXBuildFile; fileRef = 26B29E0AC563EDB3F38A6104 /* ContentView.swift */; };
		F26DFDEE2FBBBAFF524CAC91 /* AppIcon76x76@2x~ipad.png in Resources */ = {isa = PBXBuildFile; fileRef = FB674DB56EFB39C1CF36BD43 /* AppIcon76x76@2x~ipad.png */; };
/* End PBXBuildFile section */

/* Begin PBXCopyFilesBuildPhase section */
		44F6504FE0C7376C05F27079 /* Embed Watch Content */ = {
			isa = PBXCopyFilesBuildPhase;
			buildActionMask = 2147483647;
			dstPath = "";
			dstSubfolderSpec = 16;
			files = (
				AA51EAFCE878C948EB726D29 /* Tabata Watch App.app in Embed Watch Content */,
			);
			name = "Embed Watch Content";
			runOnlyForDeploymentPostprocessing = 0;
		};
/* End PBXCopyFilesBuildPhase section */

/* Begin PBXFileReference section */
		01574A530BA805D19A44E60D /* WatchWorkoutViewModel.swift */ = {isa = PBXFileReference; includeInIndex = 1; lastKnownFileType = sourcecode.swift; name = WatchWorkoutViewModel.swift; path = Watch/WatchWorkoutViewModel.swift; sourceTree = "<group>"; };
		06981D8030CBB424E8B597E9 /* Foundation.framework */ = {isa = PBXFileReference; lastKnownFileType = wrapper.framework; name = Foundation.framework; path = Platforms/iPhoneOS.platform/Developer/SDKs/iPhoneOS18.0.sdk/System/Library/Frameworks/Foundation.framework; sourceTree = DEVELOPER_DIR; };
		0B2125654139A7E2BC95E5B9 /* PhoneConnectivity.swift */ = {isa = PBXFileReference; includeInIndex = 1; lastKnownFileType = sourcecode.swift; name = PhoneConnectivity.swift; path = iOS/PhoneConnectivity.swift; sourceTree = "<group>"; };
		0B615D54FAFC671C7DAD328C /* TabataCoreTests.swift */ = {isa = PBXFileReference; includeInIndex = 1; lastKnownFileType = sourcecode.swift; name = TabataCoreTests.swift; path = Tests/TabataCoreTests.swift; sourceTree = "<group>"; };
		122B0720081DF03C5559D867 /* TabataCore.swift */ = {isa = PBXFileReference; includeInIndex = 1; lastKnownFileType = sourcecode.swift; name = TabataCore.swift; path = Shared/TabataCore.swift; sourceTree = "<group>"; };
		192CA3B16E08E1AF4B82F8F5 /* Assets.xcassets */ = {isa = PBXFileReference; includeInIndex = 1; lastKnownFileType = folder.assetcatalog; path = Assets.xcassets; sourceTree = "<group>"; };
		26B29E0AC563EDB3F38A6104 /* ContentView.swift */ = {isa = PBXFileReference; includeInIndex = 1; lastKnownFileType = sourcecode.swift; name = ContentView.swift; path = iOS/ContentView.swift; sourceTree = "<group>"; };
		540C5C06568926BFF2571BFD /* TabataWatchApp.swift */ = {isa = PBXFileReference; includeInIndex = 1; lastKnownFileType = sourcecode.swift; name = TabataWatchApp.swift; path = Watch/TabataWatchApp.swift; sourceTree = "<group>"; };
		5FE27A231FAC93CCAA9A7253 /* WatchConnectivity.swift */ = {isa = PBXFileReference; includeInIndex = 1; lastKnownFileType = sourcecode.swift; name = WatchConnectivity.swift; path = Watch/WatchConnectivity.swift; sourceTree = "<group>"; };
		6DC753F9B974F8EF00ABEEA6 /* TabataApp.swift */ = {isa = PBXFileReference; includeInIndex = 1; lastKnownFileType = sourcecode.swift; name = TabataApp.swift; path = iOS/TabataApp.swift; sourceTree = "<group>"; };
		9BB56F33219AAF97A9D96D82 /* Tabata.app */ = {isa = PBXFileReference; explicitFileType = wrapper.application; includeInIndex = 0; path = Tabata.app; sourceTree = BUILT_PRODUCTS_DIR; };
		ABEB4E7DBB82F327F72802D6 /* WatchContentView.swift */ = {isa = PBXFileReference; includeInIndex = 1; lastKnownFileType = sourcecode.swift; name = WatchContentView.swift; path = Watch/WatchContentView.swift; sourceTree = "<group>"; };
		AE0A1606136B5B386D650718 /* Tabata Watch App.app */ = {isa = PBXFileReference; explicitFileType = wrapper.application; includeInIndex = 0; path = "Tabata Watch App.app"; sourceTree = BUILT_PRODUCTS_DIR; };
		B40AA65599725FDC8C6D1EA4 /* AppIcon60x60@2x.png */ = {isa = PBXFileReference; includeInIndex = 1; lastKnownFileType = image.png; name = "AppIcon60x60@2x.png"; path = "Resources/AppIcon60x60@2x.png"; sourceTree = "<group>"; };
		CB1621C90B7D6387121BEE6D /* AppIcon83.5x83.5@2x~ipad.png */ = {isa = PBXFileReference; includeInIndex = 1; lastKnownFileType = image.png; name = "AppIcon83.5x83.5@2x~ipad.png"; path = "Resources/AppIcon83.5x83.5@2x~ipad.png"; sourceTree = "<group>"; };
		D0C6B37CECABF6149849FEDB /* TabataTests.xctest */ = {isa = PBXFileReference; explicitFileType = wrapper.cfbundle; includeInIndex = 0; path = TabataTests.xctest; sourceTree = BUILT_PRODUCTS_DIR; };
		D1AC21B550DA416A52741EB5 /* AppIcon60x60@3x.png */ = {isa = PBXFileReference; includeInIndex = 1; lastKnownFileType = image.png; name = "AppIcon60x60@3x.png"; path = "Resources/AppIcon60x60@3x.png"; sourceTree = "<group>"; };
		E8F2A3FC051AE1E5497A6D50 /* Foundation.framework */ = {isa = PBXFileReference; lastKnownFileType = wrapper.framework; name = Foundation.framework; path = Platforms/WatchOS.platform/Developer/SDKs/WatchOS11.0.sdk/System/Library/Frameworks/Foundation.framework; sourceTree = DEVELOPER_DIR; };
		F7409E13B78D236A2926D62F /* WorkoutViewModel.swift */ = {isa = PBXFileReference; includeInIndex = 1; lastKnownFileType = sourcecode.swift; name = WorkoutViewModel.swift; path = iOS/WorkoutViewModel.swift; sourceTree = "<group>"; };
		FB674DB56EFB39C1CF36BD43 /* AppIcon76x76@2x~ipad.png */ = {isa = PBXFileReference; includeInIndex = 1; lastKnownFileType = image.png; name = "AppIcon76x76@2x~ipad.png"; path = "Resources/AppIcon76x76@2x~ipad.png"; sourceTree = "<group>"; };
		FDBC7ABEBC1C7D013ED30121 /* Cocoa.framework */ = {isa = PBXFileReference; lastKnownFileType = wrapper.framework; name = Cocoa.framework; path = Platforms/MacOSX.platform/Developer/SDKs/MacOSX15.0.sdk/System/Library/Frameworks/Cocoa.framework; sourceTree = DEVELOPER_DIR; };
/* End PBXFileReference section */

/* Begin PBXFrameworksBuildPhase section */
		4F27F48F69E16D7506B11EED /* Frameworks */ = {
			isa = PBXFrameworksBuildPhase;
			buildActionMask = 2147483647;
			files = (
				0E3355AF63145F5BA563B4AF /* Cocoa.framework in Frameworks */,
				EF769A71C2D99883ADDDE7DE /* TabataCore in Frameworks */,
			);
			runOnlyForDeploymentPostprocessing = 0;
		};
		BF58DA06DCBEEAF4BBFC8BFB /* Frameworks */ = {
			isa = PBXFrameworksBuildPhase;
			buildActionMask = 2147483647;
			files = (
				037EB444B25E041B728F7594 /* Foundation.framework in Frameworks */,
			);
			runOnlyForDeploymentPostprocessing = 0;
		};
		E15CD4365D5F9C45CCD8F48B /* Frameworks */ = {
			isa = PBXFrameworksBuildPhase;
			buildActionMask = 2147483647;
			files = (
				F1F897CC2E1C1083297CE360 /* Foundation.framework in Frameworks */,
			);
			runOnlyForDeploymentPostprocessing = 0;
		};
/* End PBXFrameworksBuildPhase section */

/* Begin PBXGroup section */
		01627069913F76E06A661686 /* Products */ = {
			isa = PBXGroup;
			children = (
				9BB56F33219AAF97A9D96D82 /* Tabata.app */,
				AE0A1606136B5B386D650718 /* Tabata Watch App.app */,
				D0C6B37CECABF6149849FEDB /* TabataTests.xctest */,
			);
			name = Products;
			sourceTree = "<group>";
		};
		1AD971D2CB0522BE288245D3 /* iOS */ = {
			isa = PBXGroup;
			children = (
				06981D8030CBB424E8B597E9 /* Foundation.framework */,
			);
			name = iOS;
			sourceTree = "<group>";
		};
		A0D49F7FEAB6E49A574E2C5A = {
			isa = PBXGroup;
			children = (
				01627069913F76E06A661686 /* Products */,
				CAB2ED7FC9AEA94C69534C86 /* Frameworks */,
				122B0720081DF03C5559D867 /* TabataCore.swift */,
				6DC753F9B974F8EF00ABEEA6 /* TabataApp.swift */,
				26B29E0AC563EDB3F38A6104 /* ContentView.swift */,
				F7409E13B78D236A2926D62F /* WorkoutViewModel.swift */,
				0B2125654139A7E2BC95E5B9 /* PhoneConnectivity.swift */,
				540C5C06568926BFF2571BFD /* TabataWatchApp.swift */,
				ABEB4E7DBB82F327F72802D6 /* WatchContentView.swift */,
				01574A530BA805D19A44E60D /* WatchWorkoutViewModel.swift */,
				5FE27A231FAC93CCAA9A7253 /* WatchConnectivity.swift */,
				0B615D54FAFC671C7DAD328C /* TabataCoreTests.swift */,
				192CA3B16E08E1AF4B82F8F5 /* Assets.xcassets */,
				B40AA65599725FDC8C6D1EA4 /* AppIcon60x60@2x.png */,
				D1AC21B550DA416A52741EB5 /* AppIcon60x60@3x.png */,
				FB674DB56EFB39C1CF36BD43 /* AppIcon76x76@2x~ipad.png */,
				CB1621C90B7D6387121BEE6D /* AppIcon83.5x83.5@2x~ipad.png */,
			);
			sourceTree = "<group>";
		};
		C410699D2D61167DB5EF3A29 /* watchOS */ = {
			isa = PBXGroup;
			children = (
				E8F2A3FC051AE1E5497A6D50 /* Foundation.framework */,
			);
			name = watchOS;
			sourceTree = "<group>";
		};
		C64F2C415415CB39EEB2FB60 /* OS X */ = {
			isa = PBXGroup;
			children = (
				FDBC7ABEBC1C7D013ED30121 /* Cocoa.framework */,
			);
			name = "OS X";
			sourceTree = "<group>";
		};
		CAB2ED7FC9AEA94C69534C86 /* Frameworks */ = {
			isa = PBXGroup;
			children = (
				1AD971D2CB0522BE288245D3 /* iOS */,
				C410699D2D61167DB5EF3A29 /* watchOS */,
				C64F2C415415CB39EEB2FB60 /* OS X */,
			);
			name = Frameworks;
			sourceTree = "<group>";
		};
/* End PBXGroup section */

/* Begin PBXNativeTarget section */
		0C312AE2D61B577D0630F4F8 /* Tabata */ = {
			isa = PBXNativeTarget;
			buildConfigurationList = 2AA5B0C59F9D7AB5AC7CB288 /* Build configuration list for PBXNativeTarget "Tabata" */;
			buildPhases = (
				8D04C3EB0CA0EDC8634C44E1 /* Sources */,
				E15CD4365D5F9C45CCD8F48B /* Frameworks */,
				73587D44082C5966DC141464 /* Resources */,
				44F6504FE0C7376C05F27079 /* Embed Watch Content */,
			);
			buildRules = (
			);
			dependencies = (
			);
			name = Tabata;
			productName = Tabata;
			productReference = 9BB56F33219AAF97A9D96D82 /* Tabata.app */;
			productType = "com.apple.product-type.application";
		};
		64F6FDE49D985635B1EA39B4 /* TabataTests */ = {
			isa = PBXNativeTarget;
			buildConfigurationList = 7A4FF21182176D68225578D7 /* Build configuration list for PBXNativeTarget "TabataTests" */;
			buildPhases = (
				EC2992089592E88F45FBD48F /* Sources */,
				4F27F48F69E16D7506B11EED /* Frameworks */,
				D3B99D338FAC45D6139E8D01 /* Resources */,
			);
			buildRules = (
			);
			dependencies = (
			);
			name = TabataTests;
			packageProductDependencies = (
				603F55BA60860F265692D612 /* TabataCore */,
			);
			productName = TabataTests;
			productReference = D0C6B37CECABF6149849FEDB /* TabataTests.xctest */;
			productType = "com.apple.product-type.bundle.unit-test";
		};
		812BF1A6B5B0107D81E9CC83 /* Tabata Watch App */ = {
			isa = PBXNativeTarget;
			buildConfigurationList = A630945C4E6897E83FFFED5A /* Build configuration list for PBXNativeTarget "Tabata Watch App" */;
			buildPhases = (
				810C2C09BB881E3D9AB5F4B4 /* Sources */,
				BF58DA06DCBEEAF4BBFC8BFB /* Frameworks */,
				B51D997B304480926D7A4C78 /* Resources */,
			);
			buildRules = (
			);
			dependencies = (
			);
			name = "Tabata Watch App";
			productName = "Tabata Watch App";
			productReference = AE0A1606136B5B386D650718 /* Tabata Watch App.app */;
			productType = "com.apple.product-type.application";
		};
/* End PBXNativeTarget section */

/* Begin PBXProject section */
		3BA76538CE8842CBE833D30F /* Project object */ = {
			isa = PBXProject;
			attributes = {
				LastSwiftUpdateCheck = 1600;
				LastUpgradeCheck = 1600;
			};
			buildConfigurationList = AD6986844683977527A69E21 /* Build configuration list for PBXProject "Tabata" */;
			compatibilityVersion = "Xcode 3.2";
			developmentRegion = en;
			hasScannedForEncodings = 0;
			knownRegions = (
				en,
				Base,
			);
			mainGroup = A0D49F7FEAB6E49A574E2C5A;
			minimizedProjectReferenceProxies = 0;
			packageReferences = (
				EBAADB7015810135C54F8108 /* XCLocalSwiftPackageReference "." */,
			);
			preferredProjectObjectVersion = 77;
			productRefGroup = 01627069913F76E06A661686 /* Products */;
			projectDirPath = "";
			projectRoot = "";
			targets = (
				0C312AE2D61B577D0630F4F8 /* Tabata */,
				812BF1A6B5B0107D81E9CC83 /* Tabata Watch App */,
				64F6FDE49D985635B1EA39B4 /* TabataTests */,
			);
		};
/* End PBXProject section */

/* Begin PBXResourcesBuildPhase section */
		73587D44082C5966DC141464 /* Resources */ = {
			isa = PBXResourcesBuildPhase;
			buildActionMask = 2147483647;
			files = (
				1EE3784B89B1C746FCCAA176 /* Assets.xcassets in Resources */,
				D258B51B94DF744E015863C6 /* AppIcon60x60@2x.png in Resources */,
				70C1F50B7C79F808D12A6554 /* AppIcon60x60@3x.png in Resources */,
				F26DFDEE2FBBBAFF524CAC91 /* AppIcon76x76@2x~ipad.png in Resources */,
				B83B68F2173B6F2FF1048183 /* AppIcon83.5x83.5@2x~ipad.png in Resources */,
			);
			runOnlyForDeploymentPostprocessing = 0;
		};
		B51D997B304480926D7A4C78 /* Resources */ = {
			isa = PBXResourcesBuildPhase;
			buildActionMask = 2147483647;
			files = (
				057FA9C4ECFCB6BDF61DF21A /* Assets.xcassets in Resources */,
			);
			runOnlyForDeploymentPostprocessing = 0;
		};
		D3B99D338FAC45D6139E8D01 /* Resources */ = {
			isa = PBXResourcesBuildPhase;
			buildActionMask = 2147483647;
			files = (
			);
			runOnlyForDeploymentPostprocessing = 0;
		};
/* End PBXResourcesBuildPhase section */

/* Begin PBXSourcesBuildPhase section */
		810C2C09BB881E3D9AB5F4B4 /* Sources */ = {
			isa = PBXSourcesBuildPhase;
			buildActionMask = 2147483647;
			files = (
				A7E234B5DBC2C2DA41926D97 /* TabataCore.swift in Sources */,
				914674608602B8B31C5ACB4F /* TabataWatchApp.swift in Sources */,
				EC57C25263B8537D86B909BD /* WatchContentView.swift in Sources */,
				8E29F673BE27BF1268B7CCE7 /* WatchWorkoutViewModel.swift in Sources */,
				1A8B7BCDB6852D5FB187F662 /* WatchConnectivity.swift in Sources */,
			);
			runOnlyForDeploymentPostprocessing = 0;
		};
		8D04C3EB0CA0EDC8634C44E1 /* Sources */ = {
			isa = PBXSourcesBuildPhase;
			buildActionMask = 2147483647;
			files = (
				05829E81B0A8B0740D18D653 /* TabataCore.swift in Sources */,
				8B5CED2AC63EE111F56C1FE0 /* TabataApp.swift in Sources */,
				F1FC5B1C23DA8A86CED71A41 /* ContentView.swift in Sources */,
				CFEB13277E3F37F167317B1D /* WorkoutViewModel.swift in Sources */,
				C9B7AF20CE3F134DB39068B3 /* PhoneConnectivity.swift in Sources */,
			);
			runOnlyForDeploymentPostprocessing = 0;
		};
		EC2992089592E88F45FBD48F /* Sources */ = {
			isa = PBXSourcesBuildPhase;
			buildActionMask = 2147483647;
			files = (
				1BDD95952452A10D3E114FC8 /* TabataCoreTests.swift in Sources */,
			);
			runOnlyForDeploymentPostprocessing = 0;
		};
/* End PBXSourcesBuildPhase section */

/* Begin XCBuildConfiguration section */
		07E9E992F9E59078FA089DE2 /* Release */ = {
			isa = XCBuildConfiguration;
			buildSettings = {
				ASSETCATALOG_COMPILER_APPICON_NAME = AppIcon;
				CODE_SIGN_STYLE = Automatic;
				CURRENT_PROJECT_VERSION = 1;
				DEVELOPMENT_TEAM = 8G4H6268W7;
				GENERATE_INFOPLIST_FILE = YES;
				INFOPLIST_KEY_CFBundleDisplayName = "Tabata Ticker";
				INFOPLIST_KEY_WKCompanionAppBundleIdentifier = com.merimerimeri.tabataticker;
				MARKETING_VERSION = 1.0;
				PRODUCT_BUNDLE_IDENTIFIER = com.merimerimeri.tabataticker.watchkitapp;
				PRODUCT_NAME = "$(TARGET_NAME)";
				SDKROOT = watchos;
				SKIP_INSTALL = YES;
				SUPPORTS_MAC_DESIGNED_FOR_IPHONE_IPAD = NO;
				SWIFT_VERSION = 6.0;
				TARGETED_DEVICE_FAMILY = 4;
				VALIDATE_PRODUCT = YES;
				WATCHOS_DEPLOYMENT_TARGET = 26.0;
			};
			name = Release;
		};
		468FAC1F3129343AA8D1B3FC /* Debug */ = {
			isa = XCBuildConfiguration;
			buildSettings = {
				CLANG_ENABLE_OBJC_WEAK = NO;
				CODE_SIGN_STYLE = Automatic;
				CURRENT_PROJECT_VERSION = 1;
				DEVELOPMENT_TEAM = 8G4H6268W7;
				GENERATE_INFOPLIST_FILE = NO;
				INFOPLIST_FILE = iOS/Info.plist;
				INFOPLIST_KEY_CFBundleDisplayName = "Tabata Ticker";
				IPHONEOS_DEPLOYMENT_TARGET = 26.0;
				LD_RUNPATH_SEARCH_PATHS = "$(inherited) @executable_path/Frameworks";
				MARKETING_VERSION = 1.0;
				PRODUCT_BUNDLE_IDENTIFIER = com.merimerimeri.tabataticker;
				PRODUCT_NAME = "$(TARGET_NAME)";
				SDKROOT = iphonesimulator;
				SUPPORTS_MAC_DESIGNED_FOR_IPHONE_IPAD = NO;
				SUPPORTS_XR_DESIGNED_FOR_IPHONE_IPAD = NO;
				SWIFT_VERSION = 6.0;
				TARGETED_DEVICE_FAMILY = "1,2";
			};
			name = Debug;
		};
		8B99A813CF2B557DDC9A45AB /* Release */ = {
			isa = XCBuildConfiguration;
			buildSettings = {
				CODE_SIGN_STYLE = Automatic;
				CURRENT_PROJECT_VERSION = 1;
				DEVELOPMENT_TEAM = 8G4H6268W7;
				GENERATE_INFOPLIST_FILE = YES;
				MACOSX_DEPLOYMENT_TARGET = 26.0;
				MARKETING_VERSION = 1.0;
				PRODUCT_BUNDLE_IDENTIFIER = com.merimerimeri.tabataticker.tests;
				PRODUCT_NAME = "$(TARGET_NAME)";
				SDKROOT = macosx;
				SWIFT_VERSION = 6.0;
				TEST_HOST = "";
			};
			name = Release;
		};
		C650D6D6B9DD3A3ED6CB1936 /* Release */ = {
			isa = XCBuildConfiguration;
			buildSettings = {
				ALWAYS_SEARCH_USER_PATHS = NO;
				CLANG_ANALYZER_NONNULL = YES;
				CLANG_ANALYZER_NUMBER_OBJECT_CONVERSION = YES_AGGRESSIVE;
				CLANG_CXX_LANGUAGE_STANDARD = "gnu++14";
				CLANG_CXX_LIBRARY = "libc++";
				CLANG_ENABLE_MODULES = YES;
				CLANG_ENABLE_OBJC_ARC = YES;
				CLANG_ENABLE_OBJC_WEAK = YES;
				CLANG_WARN_BLOCK_CAPTURE_AUTORELEASING = YES;
				CLANG_WARN_BOOL_CONVERSION = YES;
				CLANG_WARN_COMMA = YES;
				CLANG_WARN_CONSTANT_CONVERSION = YES;
				CLANG_WARN_DEPRECATED_OBJC_IMPLEMENTATIONS = YES;
				CLANG_WARN_DIRECT_OBJC_ISA_USAGE = YES_ERROR;
				CLANG_WARN_DOCUMENTATION_COMMENTS = YES;
				CLANG_WARN_EMPTY_BODY = YES;
				CLANG_WARN_ENUM_CONVERSION = YES;
				CLANG_WARN_INFINITE_RECURSION = YES;
				CLANG_WARN_INT_CONVERSION = YES;
				CLANG_WARN_NON_LITERAL_NULL_CONVERSION = YES;
				CLANG_WARN_OBJC_IMPLICIT_RETAIN_SELF = YES;
				CLANG_WARN_OBJC_LITERAL_CONVERSION = YES;
				CLANG_WARN_OBJC_ROOT_CLASS = YES_ERROR;
				CLANG_WARN_QUOTED_INCLUDE_IN_FRAMEWORK_HEADER = YES;
				CLANG_WARN_RANGE_LOOP_ANALYSIS = YES;
				CLANG_WARN_STRICT_PROTOTYPES = YES;
				CLANG_WARN_SUSPICIOUS_MOVE = YES;
				CLANG_WARN_UNGUARDED_AVAILABILITY = YES_AGGRESSIVE;
				CLANG_WARN_UNREACHABLE_CODE = YES;
				CLANG_WARN__DUPLICATE_METHOD_MATCH = YES;
				COPY_PHASE_STRIP = NO;
				DEBUG_INFORMATION_FORMAT = "dwarf-with-dsym";
				ENABLE_NS_ASSERTIONS = NO;
				ENABLE_STRICT_OBJC_MSGSEND = YES;
				GCC_C_LANGUAGE_STANDARD = gnu11;
				GCC_NO_COMMON_BLOCKS = YES;
				GCC_WARN_64_TO_32_BIT_CONVERSION = YES;
				GCC_WARN_ABOUT_RETURN_TYPE = YES_ERROR;
				GCC_WARN_UNDECLARED_SELECTOR = YES;
				GCC_WARN_UNINITIALIZED_AUTOS = YES_AGGRESSIVE;
				GCC_WARN_UNUSED_FUNCTION = YES;
				GCC_WARN_UNUSED_VARIABLE = YES;
				MTL_ENABLE_DEBUG_INFO = NO;
				MTL_FAST_MATH = YES;
				PRODUCT_NAME = "$(TARGET_NAME)";
				SWIFT_COMPILATION_MODE = wholemodule;
				SWIFT_OPTIMIZATION_LEVEL = "-O";
				SWIFT_VERSION = 5.0;
			};
			name = Release;
		};
		D11AFD6E0A0B2ADA44636AD1 /* Debug */ = {
			isa = XCBuildConfiguration;
			buildSettings = {
				ALWAYS_SEARCH_USER_PATHS = NO;
				CLANG_ANALYZER_NONNULL = YES;
				CLANG_ANALYZER_NUMBER_OBJECT_CONVERSION = YES_AGGRESSIVE;
				CLANG_CXX_LANGUAGE_STANDARD = "gnu++14";
				CLANG_CXX_LIBRARY = "libc++";
				CLANG_ENABLE_MODULES = YES;
				CLANG_ENABLE_OBJC_ARC = YES;
				CLANG_ENABLE_OBJC_WEAK = YES;
				CLANG_WARN_BLOCK_CAPTURE_AUTORELEASING = YES;
				CLANG_WARN_BOOL_CONVERSION = YES;
				CLANG_WARN_COMMA = YES;
				CLANG_WARN_CONSTANT_CONVERSION = YES;
				CLANG_WARN_DEPRECATED_OBJC_IMPLEMENTATIONS = YES;
				CLANG_WARN_DIRECT_OBJC_ISA_USAGE = YES_ERROR;
				CLANG_WARN_DOCUMENTATION_COMMENTS = YES;
				CLANG_WARN_EMPTY_BODY = YES;
				CLANG_WARN_ENUM_CONVERSION = YES;
				CLANG_WARN_INFINITE_RECURSION = YES;
				CLANG_WARN_INT_CONVERSION = YES;
				CLANG_WARN_NON_LITERAL_NULL_CONVERSION = YES;
				CLANG_WARN_OBJC_IMPLICIT_RETAIN_SELF = YES;
				CLANG_WARN_OBJC_LITERAL_CONVERSION = YES;
				CLANG_WARN_OBJC_ROOT_CLASS = YES_ERROR;
				CLANG_WARN_QUOTED_INCLUDE_IN_FRAMEWORK_HEADER = YES;
				CLANG_WARN_RANGE_LOOP_ANALYSIS = YES;
				CLANG_WARN_STRICT_PROTOTYPES = YES;
				CLANG_WARN_SUSPICIOUS_MOVE = YES;
				CLANG_WARN_UNGUARDED_AVAILABILITY = YES_AGGRESSIVE;
				CLANG_WARN_UNREACHABLE_CODE = YES;
				CLANG_WARN__DUPLICATE_METHOD_MATCH = YES;
				COPY_PHASE_STRIP = NO;
				DEBUG_INFORMATION_FORMAT = dwarf;
				ENABLE_STRICT_OBJC_MSGSEND = YES;
				ENABLE_TESTABILITY = YES;
				GCC_C_LANGUAGE_STANDARD = gnu11;
				GCC_DYNAMIC_NO_PIC = NO;
				GCC_NO_COMMON_BLOCKS = YES;
				GCC_OPTIMIZATION_LEVEL = 0;
				GCC_PREPROCESSOR_DEFINITIONS = (
					"DEBUG=1",
					"$(inherited)",
				);
				GCC_WARN_64_TO_32_BIT_CONVERSION = YES;
				GCC_WARN_ABOUT_RETURN_TYPE = YES_ERROR;
				GCC_WARN_UNDECLARED_SELECTOR = YES;
				GCC_WARN_UNINITIALIZED_AUTOS = YES_AGGRESSIVE;
				GCC_WARN_UNUSED_FUNCTION = YES;
				GCC_WARN_UNUSED_VARIABLE = YES;
				MTL_ENABLE_DEBUG_INFO = INCLUDE_SOURCE;
				MTL_FAST_MATH = YES;
				ONLY_ACTIVE_ARCH = YES;
				PRODUCT_NAME = "$(TARGET_NAME)";
				SWIFT_ACTIVE_COMPILATION_CONDITIONS = DEBUG;
				SWIFT_OPTIMIZATION_LEVEL = "-Onone";
				SWIFT_VERSION = 5.0;
			};
			name = Debug;
		};
		D412D5D94A31511DC489B9DF /* Debug */ = {
			isa = XCBuildConfiguration;
			buildSettings = {
				CODE_SIGN_STYLE = Automatic;
				CURRENT_PROJECT_VERSION = 1;
				DEVELOPMENT_TEAM = 8G4H6268W7;
				GENERATE_INFOPLIST_FILE = YES;
				INFOPLIST_KEY_CFBundleDisplayName = "Tabata Ticker";
				INFOPLIST_KEY_WKCompanionAppBundleIdentifier = com.merimerimeri.tabataticker;
				MARKETING_VERSION = 1.0;
				PRODUCT_BUNDLE_IDENTIFIER = com.merimerimeri.tabataticker.watchkitapp;
				PRODUCT_NAME = "$(TARGET_NAME)";
				SDKROOT = watchsimulator;
				SKIP_INSTALL = YES;
				SUPPORTS_MAC_DESIGNED_FOR_IPHONE_IPAD = NO;
				SWIFT_VERSION = 6.0;
				TARGETED_DEVICE_FAMILY = 4;
				WATCHOS_DEPLOYMENT_TARGET = 26.0;
			};
			name = Debug;
		};
		FAC01936C9C3180465021F65 /* Release */ = {
			isa = XCBuildConfiguration;
			buildSettings = {
				ASSETCATALOG_COMPILER_APPICON_NAME = AppIcon;
				CLANG_ENABLE_OBJC_WEAK = NO;
				CODE_SIGN_STYLE = Automatic;
				CURRENT_PROJECT_VERSION = 1;
				DEVELOPMENT_TEAM = 8G4H6268W7;
				GENERATE_INFOPLIST_FILE = NO;
				INFOPLIST_FILE = iOS/Info.plist;
				INFOPLIST_KEY_CFBundleDisplayName = "Tabata Ticker";
				IPHONEOS_DEPLOYMENT_TARGET = 26.0;
				LD_RUNPATH_SEARCH_PATHS = "$(inherited) @executable_path/Frameworks";
				MARKETING_VERSION = 1.0;
				PRODUCT_BUNDLE_IDENTIFIER = com.merimerimeri.tabataticker;
				PRODUCT_NAME = "$(TARGET_NAME)";
				SDKROOT = iphoneos;
				SUPPORTS_MAC_DESIGNED_FOR_IPHONE_IPAD = NO;
				SUPPORTS_XR_DESIGNED_FOR_IPHONE_IPAD = NO;
				SWIFT_VERSION = 6.0;
				TARGETED_DEVICE_FAMILY = "1,2";
				VALIDATE_PRODUCT = YES;
			};
			name = Release;
		};
		FC919DDCA1BF12FAD31B073E /* Debug */ = {
			isa = XCBuildConfiguration;
			buildSettings = {
				CODE_SIGN_STYLE = Automatic;
				CURRENT_PROJECT_VERSION = 1;
				DEVELOPMENT_TEAM = 8G4H6268W7;
				GENERATE_INFOPLIST_FILE = YES;
				MACOSX_DEPLOYMENT_TARGET = 26.0;
				MARKETING_VERSION = 1.0;
				PRODUCT_BUNDLE_IDENTIFIER = com.merimerimeri.tabataticker.tests;
				PRODUCT_NAME = "$(TARGET_NAME)";
				SDKROOT = macosx;
				SWIFT_VERSION = 6.0;
				TEST_HOST = "";
			};
			name = Debug;
		};
/* End XCBuildConfiguration section */

/* Begin XCConfigurationList section */
		2AA5B0C59F9D7AB5AC7CB288 /* Build configuration list for PBXNativeTarget "Tabata" */ = {
			isa = XCConfigurationList;
			buildConfigurations = (
				FAC01936C9C3180465021F65 /* Release */,
				468FAC1F3129343AA8D1B3FC /* Debug */,
			);
			defaultConfigurationIsVisible = 0;
			defaultConfigurationName = Release;
		};
		7A4FF21182176D68225578D7 /* Build configuration list for PBXNativeTarget "TabataTests" */ = {
			isa = XCConfigurationList;
			buildConfigurations = (
				8B99A813CF2B557DDC9A45AB /* Release */,
				FC919DDCA1BF12FAD31B073E /* Debug */,
			);
			defaultConfigurationIsVisible = 0;
			defaultConfigurationName = Release;
		};
		A630945C4E6897E83FFFED5A /* Build configuration list for PBXNativeTarget "Tabata Watch App" */ = {
			isa = XCConfigurationList;
			buildConfigurations = (
				07E9E992F9E59078FA089DE2 /* Release */,
				D412D5D94A31511DC489B9DF /* Debug */,
			);
			defaultConfigurationIsVisible = 0;
			defaultConfigurationName = Release;
		};
		AD6986844683977527A69E21 /* Build configuration list for PBXProject "Tabata" */ = {
			isa = XCConfigurationList;
			buildConfigurations = (
				D11AFD6E0A0B2ADA44636AD1 /* Debug */,
				C650D6D6B9DD3A3ED6CB1936 /* Release */,
			);
			defaultConfigurationIsVisible = 0;
			defaultConfigurationName = Release;
		};
/* End XCConfigurationList section */

/* Begin XCLocalSwiftPackageReference section */
		EBAADB7015810135C54F8108 /* XCLocalSwiftPackageReference "." */ = {
			isa = XCLocalSwiftPackageReference;
			relativePath = .;
		};
/* End XCLocalSwiftPackageReference section */

/* Begin XCSwiftPackageProductDependency section */
		603F55BA60860F265692D612 /* TabataCore */ = {
			isa = XCSwiftPackageProductDependency;
			package = EBAADB7015810135C54F8108 /* XCLocalSwiftPackageReference "." */;
			productName = TabataCore;
		};
/* End XCSwiftPackageProductDependency section */
	};
	rootObject = 3BA76538CE8842CBE833D30F /* Project object */;
}
