// !$*UTF8*$!
{
	archiveVersion = 1;
	classes = {
	};
	objectVersion = 46;
	objects = {

/* Begin PBXBuildFile section */
		26C6252B27EE2C53BDEBD65F /* TabataApp.swift in Sources */ = {isa = PBXBuildFile; fileRef = 161377A88EF663FD267659C7 /* TabataApp.swift */; };
		2DD81B65B54BD3039223AD64 /* AppIcon76x76@2x~ipad.png in Resources */ = {isa = PBXBuildFile; fileRef = 0B52E073DB51C565EB82DF71 /* AppIcon76x76@2x~ipad.png */; };
		336AE55AC565691C4EBA33F6 /* TabataWatchApp.swift in Sources */ = {isa = PBXBuildFile; fileRef = 8B699D7ED1467827475824EA /* TabataWatchApp.swift */; };
		55AAB73BCF5AD3A2D5E3038A /* TabataCore in Frameworks */ = {isa = PBXBuildFile; productRef = 6DE2AB89C2468F637BC0F9AE /* TabataCore */; };
		779828200B88011DB4419DE2 /* TabataCore.swift in Sources */ = {isa = PBXBuildFile; fileRef = FD71B516C4959BEF267EB23F /* TabataCore.swift */; };
		78EC6D008B4B08CAEE92B023 /* PhoneConnectivity.swift in Sources */ = {isa = PBXBuildFile; fileRef = D7C834DBD5C3C0A149B9C6A3 /* PhoneConnectivity.swift */; };
		8A13ECB93499B1D4CBF01E25 /* Assets.xcassets in Resources */ = {isa = PBXBuildFile; fileRef = 99F4687FAE6DC08040F6E63C /* Assets.xcassets */; };
		9EAD60A9B7F23E4D03BF331C /* WorkoutViewModel.swift in Sources */ = {isa = PBXBuildFile; fileRef = 6E4660FCA9669CD0E6D7FA51 /* WorkoutViewModel.swift */; };
		A049E2769273DE1B248B1C97 /* TabataCore.swift in Sources */ = {isa = PBXBuildFile; fileRef = FD71B516C4959BEF267EB23F /* TabataCore.swift */; };
		A35D70F5A4FAF919F73D0DED /* Assets.xcassets in Resources */ = {isa = PBXBuildFile; fileRef = 99F4687FAE6DC08040F6E63C /* Assets.xcassets */; };
		A7B858E33F07093E20427E55 /* ContentView.swift in Sources */ = {isa = PBXBuildFile; fileRef = C5F96B0C69D321A723CB20D2 /* ContentView.swift */; };
		A9D765E2B4541566508088F3 /* Tabata Watch App.app in Embed Watch Content */ = {isa = PBXBuildFile; fileRef = 167F1F86553803FFBB6FBE07 /* Tabata Watch App.app */; settings = {ATTRIBUTES = (RemoveHeadersOnCopy, ); }; };
		B20F7E0294BE772CCD915E5E /* WatchContentView.swift in Sources */ = {isa = PBXBuildFile; fileRef = 044A7483388D75B523985C61 /* WatchContentView.swift */; };
		B59020FE22503191D52D675B /* Foundation.framework in Frameworks */ = {isa = PBXBuildFile; fileRef = 38A2BAB4F68FAD876797148A /* Foundation.framework */; };
		B8E2325C435DFDE7C617A941 /* WatchConnectivity.swift in Sources */ = {isa = PBXBuildFile; fileRef = D0D18449919A65D20A4EEFD8 /* WatchConnectivity.swift */; };
		C96573B8D04B63D8D43F93A6 /* Foundation.framework in Frameworks */ = {isa = PBXBuildFile; fileRef = 2D125A98F0CA267A7B28DE49 /* Foundation.framework */; };
		E52EED960A731665C8E31956 /* AppIcon83.5x83.5@2x~ipad.png in Resources */ = {isa = PBXBuildFile; fileRef = 576FCA969AB17154933BCA7D /* AppIcon83.5x83.5@2x~ipad.png */; };
		ED7DFECCAB7A8EF067FEB191 /* AppIcon60x60@2x.png in Resources */ = {isa = PBXBuildFile; fileRef = DCB03C16BA8540C188CA8C31 /* AppIcon60x60@2x.png */; };
		F1191696CBF99A834014AFE5 /* AppIcon60x60@3x.png in Resources */ = {isa = PBXBuildFile; fileRef = 981EFDC3C6B3755161B90C69 /* AppIcon60x60@3x.png */; };
		F6F1C76F76DB641535629ECF /* WatchWorkoutViewModel.swift in Sources */ = {isa = PBXBuildFile; fileRef = 2CB34CC0814EC093FFA5D368 /* WatchWorkoutViewModel.swift */; };
		F72F0EA9AF68F5A7B20BE629 /* Cocoa.framework in Frameworks */ = {isa = PBXBuildFile; fileRef = 722DB9B773C4C572D752BDE7 /* Cocoa.framework */; };
		F7D24D4D84C7DAA46F0B6E31 /* TabataCoreTests.swift in Sources */ = {isa = PBXBuildFile; fileRef = DAC4C2270D38D50F6EED8598 /* TabataCoreTests.swift */; };
/* End PBXBuildFile section */

/* Begin PBXContainerItemProxy section */
		117D919FA795A60C2A7BD2C7 /* PBXContainerItemProxy */ = {
			isa = PBXContainerItemProxy;
			containerPortal = 5C021C86CFDF253BDC8B61BC /* Project object */;
			proxyType = 1;
			remoteGlobalIDString = 956F4EDE49CD7923C6BE3DE7;
			remoteInfo = "Tabata Watch App";
		};
/* End PBXContainerItemProxy section */

/* Begin PBXCopyFilesBuildPhase section */
		60B769CA35D024011DE1C45F /* Embed Watch Content */ = {
			isa = PBXCopyFilesBuildPhase;
			buildActionMask = 2147483647;
			dstPath = "";
			dstSubfolderSpec = 16;
			files = (
				A9D765E2B4541566508088F3 /* Tabata Watch App.app in Embed Watch Content */,
			);
			name = "Embed Watch Content";
			runOnlyForDeploymentPostprocessing = 0;
		};
/* End PBXCopyFilesBuildPhase section */

/* Begin PBXFileReference section */
		044A7483388D75B523985C61 /* WatchContentView.swift */ = {isa = PBXFileReference; includeInIndex = 1; lastKnownFileType = sourcecode.swift; name = WatchContentView.swift; path = Watch/WatchContentView.swift; sourceTree = "<group>"; };
		0B52E073DB51C565EB82DF71 /* AppIcon76x76@2x~ipad.png */ = {isa = PBXFileReference; includeInIndex = 1; lastKnownFileType = image.png; name = "AppIcon76x76@2x~ipad.png"; path = "Resources/AppIcon76x76@2x~ipad.png"; sourceTree = "<group>"; };
		161377A88EF663FD267659C7 /* TabataApp.swift */ = {isa = PBXFileReference; includeInIndex = 1; lastKnownFileType = sourcecode.swift; name = TabataApp.swift; path = iOS/TabataApp.swift; sourceTree = "<group>"; };
		167F1F86553803FFBB6FBE07 /* Tabata Watch App.app */ = {isa = PBXFileReference; explicitFileType = wrapper.application; includeInIndex = 0; path = "Tabata Watch App.app"; sourceTree = BUILT_PRODUCTS_DIR; };
		26A99D58A27E8C72724A127E /* Tabata.app */ = {isa = PBXFileReference; explicitFileType = wrapper.application; includeInIndex = 0; path = Tabata.app; sourceTree = BUILT_PRODUCTS_DIR; };
		2CB34CC0814EC093FFA5D368 /* WatchWorkoutViewModel.swift */ = {isa = PBXFileReference; includeInIndex = 1; lastKnownFileType = sourcecode.swift; name = WatchWorkoutViewModel.swift; path = Watch/WatchWorkoutViewModel.swift; sourceTree = "<group>"; };
		2D125A98F0CA267A7B28DE49 /* Foundation.framework */ = {isa = PBXFileReference; lastKnownFileType = wrapper.framework; name = Foundation.framework; path = Platforms/iPhoneOS.platform/Developer/SDKs/iPhoneOS18.0.sdk/System/Library/Frameworks/Foundation.framework; sourceTree = DEVELOPER_DIR; };
		38A2BAB4F68FAD876797148A /* Foundation.framework */ = {isa = PBXFileReference; lastKnownFileType = wrapper.framework; name = Foundation.framework; path = Platforms/WatchOS.platform/Developer/SDKs/WatchOS11.0.sdk/System/Library/Frameworks/Foundation.framework; sourceTree = DEVELOPER_DIR; };
		576FCA969AB17154933BCA7D /* AppIcon83.5x83.5@2x~ipad.png */ = {isa = PBXFileReference; includeInIndex = 1; lastKnownFileType = image.png; name = "AppIcon83.5x83.5@2x~ipad.png"; path = "Resources/AppIcon83.5x83.5@2x~ipad.png"; sourceTree = "<group>"; };
		6E4660FCA9669CD0E6D7FA51 /* WorkoutViewModel.swift */ = {isa = PBXFileReference; includeInIndex = 1; lastKnownFileType = sourcecode.swift; name = WorkoutViewModel.swift; path = iOS/WorkoutViewModel.swift; sourceTree = "<group>"; };
		722DB9B773C4C572D752BDE7 /* Cocoa.framework */ = {isa = PBXFileReference; lastKnownFileType = wrapper.framework; name = Cocoa.framework; path = Platforms/MacOSX.platform/Developer/SDKs/MacOSX15.0.sdk/System/Library/Frameworks/Cocoa.framework; sourceTree = DEVELOPER_DIR; };
		776ED50FC24D638C4F495DB8 /* TabataTests.xctest */ = {isa = PBXFileReference; explicitFileType = wrapper.cfbundle; includeInIndex = 0; path = TabataTests.xctest; sourceTree = BUILT_PRODUCTS_DIR; };
		8B699D7ED1467827475824EA /* TabataWatchApp.swift */ = {isa = PBXFileReference; includeInIndex = 1; lastKnownFileType = sourcecode.swift; name = TabataWatchApp.swift; path = Watch/TabataWatchApp.swift; sourceTree = "<group>"; };
		981EFDC3C6B3755161B90C69 /* AppIcon60x60@3x.png */ = {isa = PBXFileReference; includeInIndex = 1; lastKnownFileType = image.png; name = "AppIcon60x60@3x.png"; path = "Resources/AppIcon60x60@3x.png"; sourceTree = "<group>"; };
		99F4687FAE6DC08040F6E63C /* Assets.xcassets */ = {isa = PBXFileReference; includeInIndex = 1; lastKnownFileType = folder.assetcatalog; path = Assets.xcassets; sourceTree = "<group>"; };
		C5F96B0C69D321A723CB20D2 /* ContentView.swift */ = {isa = PBXFileReference; includeInIndex = 1; lastKnownFileType = sourcecode.swift; name = ContentView.swift; path = iOS/ContentView.swift; sourceTree = "<group>"; };
		D0D18449919A65D20A4EEFD8 /* WatchConnectivity.swift */ = {isa = PBXFileReference; includeInIndex = 1; lastKnownFileType = sourcecode.swift; name = WatchConnectivity.swift; path = Watch/WatchConnectivity.swift; sourceTree = "<group>"; };
		D7C834DBD5C3C0A149B9C6A3 /* PhoneConnectivity.swift */ = {isa = PBXFileReference; includeInIndex = 1; lastKnownFileType = sourcecode.swift; name = PhoneConnectivity.swift; path = iOS/PhoneConnectivity.swift; sourceTree = "<group>"; };
		DAC4C2270D38D50F6EED8598 /* TabataCoreTests.swift */ = {isa = PBXFileReference; includeInIndex = 1; lastKnownFileType = sourcecode.swift; name = TabataCoreTests.swift; path = Tests/TabataCoreTests.swift; sourceTree = "<group>"; };
		DCB03C16BA8540C188CA8C31 /* AppIcon60x60@2x.png */ = {isa = PBXFileReference; includeInIndex = 1; lastKnownFileType = image.png; name = "AppIcon60x60@2x.png"; path = "Resources/AppIcon60x60@2x.png"; sourceTree = "<group>"; };
		FD71B516C4959BEF267EB23F /* TabataCore.swift */ = {isa = PBXFileReference; includeInIndex = 1; lastKnownFileType = sourcecode.swift; name = TabataCore.swift; path = Shared/TabataCore.swift; sourceTree = "<group>"; };
/* End PBXFileReference section */

/* Begin PBXFrameworksBuildPhase section */
		0491BD41319EA4D279C25D3A /* Frameworks */ = {
			isa = PBXFrameworksBuildPhase;
			buildActionMask = 2147483647;
			files = (
				B59020FE22503191D52D675B /* Foundation.framework in Frameworks */,
			);
			runOnlyForDeploymentPostprocessing = 0;
		};
		DCB74BD2BB8EBA5A5A2959BA /* Frameworks */ = {
			isa = PBXFrameworksBuildPhase;
			buildActionMask = 2147483647;
			files = (
				C96573B8D04B63D8D43F93A6 /* Foundation.framework in Frameworks */,
			);
			runOnlyForDeploymentPostprocessing = 0;
		};
		F369794FCBB6719207BDB533 /* Frameworks */ = {
			isa = PBXFrameworksBuildPhase;
			buildActionMask = 2147483647;
			files = (
				F72F0EA9AF68F5A7B20BE629 /* Cocoa.framework in Frameworks */,
				55AAB73BCF5AD3A2D5E3038A /* TabataCore in Frameworks */,
			);
			runOnlyForDeploymentPostprocessing = 0;
		};
/* End PBXFrameworksBuildPhase section */

/* Begin PBXGroup section */
		2AE7E4CCBB360C0EC2EF5D56 = {
			isa = PBXGroup;
			children = (
				4A750AC5E62BB03DE389A597 /* Products */,
				6E2C833A6D893AB23B959D43 /* Frameworks */,
				FD71B516C4959BEF267EB23F /* TabataCore.swift */,
				161377A88EF663FD267659C7 /* TabataApp.swift */,
				C5F96B0C69D321A723CB20D2 /* ContentView.swift */,
				6E4660FCA9669CD0E6D7FA51 /* WorkoutViewModel.swift */,
				D7C834DBD5C3C0A149B9C6A3 /* PhoneConnectivity.swift */,
				8B699D7ED1467827475824EA /* TabataWatchApp.swift */,
				044A7483388D75B523985C61 /* WatchContentView.swift */,
				2CB34CC0814EC093FFA5D368 /* WatchWorkoutViewModel.swift */,
				D0D18449919A65D20A4EEFD8 /* WatchConnectivity.swift */,
				DAC4C2270D38D50F6EED8598 /* TabataCoreTests.swift */,
				99F4687FAE6DC08040F6E63C /* Assets.xcassets */,
				DCB03C16BA8540C188CA8C31 /* AppIcon60x60@2x.png */,
				981EFDC3C6B3755161B90C69 /* AppIcon60x60@3x.png */,
				0B52E073DB51C565EB82DF71 /* AppIcon76x76@2x~ipad.png */,
				576FCA969AB17154933BCA7D /* AppIcon83.5x83.5@2x~ipad.png */,
			);
			sourceTree = "<group>";
		};
		4A750AC5E62BB03DE389A597 /* Products */ = {
			isa = PBXGroup;
			children = (
				26A99D58A27E8C72724A127E /* Tabata.app */,
				167F1F86553803FFBB6FBE07 /* Tabata Watch App.app */,
				776ED50FC24D638C4F495DB8 /* TabataTests.xctest */,
			);
			name = Products;
			sourceTree = "<group>";
		};
		6E2C833A6D893AB23B959D43 /* Frameworks */ = {
			isa = PBXGroup;
			children = (
				ED01B5DEC43FE329C265CC6D /* iOS */,
				EC980B2176B9ED1C30A48768 /* watchOS */,
				F15917BF1A5FD94007CDFFC4 /* OS X */,
			);
			name = Frameworks;
			sourceTree = "<group>";
		};
		EC980B2176B9ED1C30A48768 /* watchOS */ = {
			isa = PBXGroup;
			children = (
				38A2BAB4F68FAD876797148A /* Foundation.framework */,
			);
			name = watchOS;
			sourceTree = "<group>";
		};
		ED01B5DEC43FE329C265CC6D /* iOS */ = {
			isa = PBXGroup;
			children = (
				2D125A98F0CA267A7B28DE49 /* Foundation.framework */,
			);
			name = iOS;
			sourceTree = "<group>";
		};
		F15917BF1A5FD94007CDFFC4 /* OS X */ = {
			isa = PBXGroup;
			children = (
				722DB9B773C4C572D752BDE7 /* Cocoa.framework */,
			);
			name = "OS X";
			sourceTree = "<group>";
		};
/* End PBXGroup section */

/* Begin PBXNativeTarget section */
		956F4EDE49CD7923C6BE3DE7 /* Tabata Watch App */ = {
			isa = PBXNativeTarget;
			buildConfigurationList = FFE516DE0B22A315EE276F6C /* Build configuration list for PBXNativeTarget "Tabata Watch App" */;
			buildPhases = (
				B4CF97B9BA6A5FAB6F74C78E /* Sources */,
				0491BD41319EA4D279C25D3A /* Frameworks */,
				C4CB9871B83F470638583093 /* Resources */,
			);
			buildRules = (
			);
			dependencies = (
			);
			name = "Tabata Watch App";
			productName = "Tabata Watch App";
			productReference = 167F1F86553803FFBB6FBE07 /* Tabata Watch App.app */;
			productType = "com.apple.product-type.application";
		};
		D2ACE60AEC91FF9157691811 /* Tabata */ = {
			isa = PBXNativeTarget;
			buildConfigurationList = 7E95BD62BE4FDE67C6A1FDAE /* Build configuration list for PBXNativeTarget "Tabata" */;
			buildPhases = (
				D79F934D21D96419A8A31C0A /* Sources */,
				DCB74BD2BB8EBA5A5A2959BA /* Frameworks */,
				E4E6F5A714185DB96FF2B4A9 /* Resources */,
				60B769CA35D024011DE1C45F /* Embed Watch Content */,
			);
			buildRules = (
			);
			dependencies = (
				B51E30A5EC0D07C611A88AB7 /* PBXTargetDependency */,
			);
			name = Tabata;
			productName = Tabata;
			productReference = 26A99D58A27E8C72724A127E /* Tabata.app */;
			productType = "com.apple.product-type.application";
		};
		D8EAEE34367084EA6F633137 /* TabataTests */ = {
			isa = PBXNativeTarget;
			buildConfigurationList = FC05771D9019370AF5370B53 /* Build configuration list for PBXNativeTarget "TabataTests" */;
			buildPhases = (
				DEADBFDC71A771571CAE97F4 /* Sources */,
				F369794FCBB6719207BDB533 /* Frameworks */,
				84B5C38AD30244AF6AD4FC8B /* Resources */,
			);
			buildRules = (
			);
			dependencies = (
			);
			name = TabataTests;
			packageProductDependencies = (
				6DE2AB89C2468F637BC0F9AE /* TabataCore */,
			);
			productName = TabataTests;
			productReference = 776ED50FC24D638C4F495DB8 /* TabataTests.xctest */;
			productType = "com.apple.product-type.bundle.unit-test";
		};
/* End PBXNativeTarget section */

/* Begin PBXProject section */
		5C021C86CFDF253BDC8B61BC /* Project object */ = {
			isa = PBXProject;
			attributes = {
				LastSwiftUpdateCheck = 1600;
				LastUpgradeCheck = 1600;
			};
			buildConfigurationList = 6DB95EE0A3598F249FBDF25C /* Build configuration list for PBXProject "Tabata" */;
			compatibilityVersion = "Xcode 3.2";
			developmentRegion = en;
			hasScannedForEncodings = 0;
			knownRegions = (
				en,
				Base,
			);
			mainGroup = 2AE7E4CCBB360C0EC2EF5D56;
			minimizedProjectReferenceProxies = 0;
			packageReferences = (
				C2CF9CAF46E86C31085221DC /* XCLocalSwiftPackageReference "." */,
			);
			preferredProjectObjectVersion = 77;
			productRefGroup = 4A750AC5E62BB03DE389A597 /* Products */;
			projectDirPath = "";
			projectRoot = "";
			targets = (
				D2ACE60AEC91FF9157691811 /* Tabata */,
				956F4EDE49CD7923C6BE3DE7 /* Tabata Watch App */,
				D8EAEE34367084EA6F633137 /* TabataTests */,
			);
		};
/* End PBXProject section */

/* Begin PBXResourcesBuildPhase section */
		84B5C38AD30244AF6AD4FC8B /* Resources */ = {
			isa = PBXResourcesBuildPhase;
			buildActionMask = 2147483647;
			files = (
			);
			runOnlyForDeploymentPostprocessing = 0;
		};
		C4CB9871B83F470638583093 /* Resources */ = {
			isa = PBXResourcesBuildPhase;
			buildActionMask = 2147483647;
			files = (
				A35D70F5A4FAF919F73D0DED /* Assets.xcassets in Resources */,
			);
			runOnlyForDeploymentPostprocessing = 0;
		};
		E4E6F5A714185DB96FF2B4A9 /* Resources */ = {
			isa = PBXResourcesBuildPhase;
			buildActionMask = 2147483647;
			files = (
				8A13ECB93499B1D4CBF01E25 /* Assets.xcassets in Resources */,
				ED7DFECCAB7A8EF067FEB191 /* AppIcon60x60@2x.png in Resources */,
				F1191696CBF99A834014AFE5 /* AppIcon60x60@3x.png in Resources */,
				2DD81B65B54BD3039223AD64 /* AppIcon76x76@2x~ipad.png in Resources */,
				E52EED960A731665C8E31956 /* AppIcon83.5x83.5@2x~ipad.png in Resources */,
			);
			runOnlyForDeploymentPostprocessing = 0;
		};
/* End PBXResourcesBuildPhase section */

/* Begin PBXSourcesBuildPhase section */
		B4CF97B9BA6A5FAB6F74C78E /* Sources */ = {
			isa = PBXSourcesBuildPhase;
			buildActionMask = 2147483647;
			files = (
				A049E2769273DE1B248B1C97 /* TabataCore.swift in Sources */,
				336AE55AC565691C4EBA33F6 /* TabataWatchApp.swift in Sources */,
				B20F7E0294BE772CCD915E5E /* WatchContentView.swift in Sources */,
				F6F1C76F76DB641535629ECF /* WatchWorkoutViewModel.swift in Sources */,
				B8E2325C435DFDE7C617A941 /* WatchConnectivity.swift in Sources */,
			);
			runOnlyForDeploymentPostprocessing = 0;
		};
		D79F934D21D96419A8A31C0A /* Sources */ = {
			isa = PBXSourcesBuildPhase;
			buildActionMask = 2147483647;
			files = (
				779828200B88011DB4419DE2 /* TabataCore.swift in Sources */,
				26C6252B27EE2C53BDEBD65F /* TabataApp.swift in Sources */,
				A7B858E33F07093E20427E55 /* ContentView.swift in Sources */,
				9EAD60A9B7F23E4D03BF331C /* WorkoutViewModel.swift in Sources */,
				78EC6D008B4B08CAEE92B023 /* PhoneConnectivity.swift in Sources */,
			);
			runOnlyForDeploymentPostprocessing = 0;
		};
		DEADBFDC71A771571CAE97F4 /* Sources */ = {
			isa = PBXSourcesBuildPhase;
			buildActionMask = 2147483647;
			files = (
				F7D24D4D84C7DAA46F0B6E31 /* TabataCoreTests.swift in Sources */,
			);
			runOnlyForDeploymentPostprocessing = 0;
		};
/* End PBXSourcesBuildPhase section */

/* Begin PBXTargetDependency section */
		B51E30A5EC0D07C611A88AB7 /* PBXTargetDependency */ = {
			isa = PBXTargetDependency;
			name = "Tabata Watch App";
			target = 956F4EDE49CD7923C6BE3DE7 /* Tabata Watch App */;
			targetProxy = 117D919FA795A60C2A7BD2C7 /* PBXContainerItemProxy */;
		};
/* End PBXTargetDependency section */

/* Begin XCBuildConfiguration section */
		1E4B73AC7F0A1E7B11FB6BB0 /* Release */ = {
			isa = XCBuildConfiguration;
			buildSettings = {
				ALWAYS_SEARCH_USER_PATHS = NO;
				CLANG_ANALYZER_NONNULL = YES;
				CLANG_ANALYZER_NUMBER_OBJECT_CONVERSION = YES_AGGRESSIVE;
				CLANG_CXX_LANGUAGE_STANDARD = "gnu++14";
				CLANG_CXX_LIBRARY = "libc++";
				CLANG_ENABLE_MODULES = YES;
				CLANG_ENABLE_OBJC_ARC = YES;
				CLANG_ENABLE_OBJC_WEAK = YES;
				CLANG_WARN_BLOCK_CAPTURE_AUTORELEASING = YES;
				CLANG_WARN_BOOL_CONVERSION = YES;
				CLANG_WARN_COMMA = YES;
				CLANG_WARN_CONSTANT_CONVERSION = YES;
				CLANG_WARN_DEPRECATED_OBJC_IMPLEMENTATIONS = YES;
				CLANG_WARN_DIRECT_OBJC_ISA_USAGE = YES_ERROR;
				CLANG_WARN_DOCUMENTATION_COMMENTS = YES;
				CLANG_WARN_EMPTY_BODY = YES;
				CLANG_WARN_ENUM_CONVERSION = YES;
				CLANG_WARN_INFINITE_RECURSION = YES;
				CLANG_WARN_INT_CONVERSION = YES;
				CLANG_WARN_NON_LITERAL_NULL_CONVERSION = YES;
				CLANG_WARN_OBJC_IMPLICIT_RETAIN_SELF = YES;
				CLANG_WARN_OBJC_LITERAL_CONVERSION = YES;
				CLANG_WARN_OBJC_ROOT_CLASS = YES_ERROR;
				CLANG_WARN_QUOTED_INCLUDE_IN_FRAMEWORK_HEADER = YES;
				CLANG_WARN_RANGE_LOOP_ANALYSIS = YES;
				CLANG_WARN_STRICT_PROTOTYPES = YES;
				CLANG_WARN_SUSPICIOUS_MOVE = YES;
				CLANG_WARN_UNGUARDED_AVAILABILITY = YES_AGGRESSIVE;
				CLANG_WARN_UNREACHABLE_CODE = YES;
				CLANG_WARN__DUPLICATE_METHOD_MATCH = YES;
				COPY_PHASE_STRIP = NO;
				DEBUG_INFORMATION_FORMAT = "dwarf-with-dsym";
				ENABLE_NS_ASSERTIONS = NO;
				ENABLE_STRICT_OBJC_MSGSEND = YES;
				GCC_C_LANGUAGE_STANDARD = gnu11;
				GCC_NO_COMMON_BLOCKS = YES;
				GCC_WARN_64_TO_32_BIT_CONVERSION = YES;
				GCC_WARN_ABOUT_RETURN_TYPE = YES_ERROR;
				GCC_WARN_UNDECLARED_SELECTOR = YES;
				GCC_WARN_UNINITIALIZED_AUTOS = YES_AGGRESSIVE;
				GCC_WARN_UNUSED_FUNCTION = YES;
				GCC_WARN_UNUSED_VARIABLE = YES;
				MTL_ENABLE_DEBUG_INFO = NO;
				MTL_FAST_MATH = YES;
				PRODUCT_NAME = "$(TARGET_NAME)";
				SWIFT_COMPILATION_MODE = wholemodule;
				SWIFT_OPTIMIZATION_LEVEL = "-O";
				SWIFT_VERSION = 5.0;
			};
			name = Release;
		};
		4E7405422486D395A4667898 /* Debug */ = {
			isa = XCBuildConfiguration;
			buildSettings = {
				CODE_SIGN_STYLE = Automatic;
				CURRENT_PROJECT_VERSION = 1;
				DEVELOPMENT_TEAM = 8G4H6268W7;
				GENERATE_INFOPLIST_FILE = YES;
				MACOSX_DEPLOYMENT_TARGET = 26.0;
				MARKETING_VERSION = 1.0;
				PRODUCT_BUNDLE_IDENTIFIER = com.merimerimeri.tabataticker.tests;
				PRODUCT_NAME = "$(TARGET_NAME)";
				SDKROOT = macosx;
				SWIFT_VERSION = 6.0;
				TEST_HOST = "";
			};
			name = Debug;
		};
		5E93BBD766D6627A8419599B /* Release */ = {
			isa = XCBuildConfiguration;
			buildSettings = {
				CODE_SIGN_STYLE = Automatic;
				CURRENT_PROJECT_VERSION = 1;
				DEVELOPMENT_TEAM = 8G4H6268W7;
				GENERATE_INFOPLIST_FILE = YES;
				MACOSX_DEPLOYMENT_TARGET = 26.0;
				MARKETING_VERSION = 1.0;
				PRODUCT_BUNDLE_IDENTIFIER = com.merimerimeri.tabataticker.tests;
				PRODUCT_NAME = "$(TARGET_NAME)";
				SDKROOT = macosx;
				SWIFT_VERSION = 6.0;
				TEST_HOST = "";
			};
			name = Release;
		};
		6D767E30BC4E7DEF99B0E6DC /* Release */ = {
			isa = XCBuildConfiguration;
			buildSettings = {
				ASSETCATALOG_COMPILER_APPICON_NAME = AppIcon;
				CLANG_ENABLE_OBJC_WEAK = NO;
				CODE_SIGN_IDENTITY = "Apple Distribution";
				CODE_SIGN_STYLE = Manual;
				CURRENT_PROJECT_VERSION = 1;
				DEVELOPMENT_TEAM = 8G4H6268W7;
				GENERATE_INFOPLIST_FILE = NO;
				INFOPLIST_FILE = iOS/Info.plist;
				INFOPLIST_KEY_CFBundleDisplayName = "Tabata Ticker";
				IPHONEOS_DEPLOYMENT_TARGET = 26.0;
				LD_RUNPATH_SEARCH_PATHS = "$(inherited) @executable_path/Frameworks";
				MARKETING_VERSION = 1.0;
				PRODUCT_BUNDLE_IDENTIFIER = com.merimerimeri.tabataticker;
				PRODUCT_NAME = "$(TARGET_NAME)";
				PROVISIONING_PROFILE_SPECIFIER = "$(IOS_PROFILE_NAME)";
				SDKROOT = iphoneos;
				SUPPORTED_PLATFORMS = iphoneos;
				SUPPORTS_MAC_DESIGNED_FOR_IPHONE_IPAD = NO;
				SUPPORTS_XR_DESIGNED_FOR_IPHONE_IPAD = NO;
				SWIFT_VERSION = 6.0;
				TARGETED_DEVICE_FAMILY = "1,2";
				VALIDATE_PRODUCT = YES;
			};
			name = Release;
		};
		A981AB8F38D47A6A89E600C1 /* Debug */ = {
			isa = XCBuildConfiguration;
			buildSettings = {
				CODE_SIGN_STYLE = Automatic;
				CURRENT_PROJECT_VERSION = 1;
				DEVELOPMENT_TEAM = 8G4H6268W7;
				GENERATE_INFOPLIST_FILE = YES;
				INFOPLIST_KEY_CFBundleDisplayName = "Tabata Ticker";
				INFOPLIST_KEY_WKCompanionAppBundleIdentifier = com.merimerimeri.tabataticker;
				MARKETING_VERSION = 1.0;
				PRODUCT_BUNDLE_IDENTIFIER = com.merimerimeri.tabataticker.watchkitapp;
				PRODUCT_NAME = "$(TARGET_NAME)";
				SDKROOT = watchsimulator;
				SKIP_INSTALL = YES;
				SUPPORTED_PLATFORMS = watchsimulator;
				SUPPORTS_MAC_DESIGNED_FOR_IPHONE_IPAD = NO;
				SWIFT_VERSION = 6.0;
				TARGETED_DEVICE_FAMILY = 4;
				WATCHOS_DEPLOYMENT_TARGET = 26.0;
			};
			name = Debug;
		};
		BBCF6B71B302A6DC01C02AE1 /* Debug */ = {
			isa = XCBuildConfiguration;
			buildSettings = {
				ALWAYS_SEARCH_USER_PATHS = NO;
				CLANG_ANALYZER_NONNULL = YES;
				CLANG_ANALYZER_NUMBER_OBJECT_CONVERSION = YES_AGGRESSIVE;
				CLANG_CXX_LANGUAGE_STANDARD = "gnu++14";
				CLANG_CXX_LIBRARY = "libc++";
				CLANG_ENABLE_MODULES = YES;
				CLANG_ENABLE_OBJC_ARC = YES;
				CLANG_ENABLE_OBJC_WEAK = YES;
				CLANG_WARN_BLOCK_CAPTURE_AUTORELEASING = YES;
				CLANG_WARN_BOOL_CONVERSION = YES;
				CLANG_WARN_COMMA = YES;
				CLANG_WARN_CONSTANT_CONVERSION = YES;
				CLANG_WARN_DEPRECATED_OBJC_IMPLEMENTATIONS = YES;
				CLANG_WARN_DIRECT_OBJC_ISA_USAGE = YES_ERROR;
				CLANG_WARN_DOCUMENTATION_COMMENTS = YES;
				CLANG_WARN_EMPTY_BODY = YES;
				CLANG_WARN_ENUM_CONVERSION = YES;
				CLANG_WARN_INFINITE_RECURSION = YES;
				CLANG_WARN_INT_CONVERSION = YES;
				CLANG_WARN_NON_LITERAL_NULL_CONVERSION = YES;
				CLANG_WARN_OBJC_IMPLICIT_RETAIN_SELF = YES;
				CLANG_WARN_OBJC_LITERAL_CONVERSION = YES;
				CLANG_WARN_OBJC_ROOT_CLASS = YES_ERROR;
				CLANG_WARN_QUOTED_INCLUDE_IN_FRAMEWORK_HEADER = YES;
				CLANG_WARN_RANGE_LOOP_ANALYSIS = YES;
				CLANG_WARN_STRICT_PROTOTYPES = YES;
				CLANG_WARN_SUSPICIOUS_MOVE = YES;
				CLANG_WARN_UNGUARDED_AVAILABILITY = YES_AGGRESSIVE;
				CLANG_WARN_UNREACHABLE_CODE = YES;
				CLANG_WARN__DUPLICATE_METHOD_MATCH = YES;
				COPY_PHASE_STRIP = NO;
				DEBUG_INFORMATION_FORMAT = dwarf;
				ENABLE_STRICT_OBJC_MSGSEND = YES;
				ENABLE_TESTABILITY = YES;
				GCC_C_LANGUAGE_STANDARD = gnu11;
				GCC_DYNAMIC_NO_PIC = NO;
				GCC_NO_COMMON_BLOCKS = YES;
				GCC_OPTIMIZATION_LEVEL = 0;
				GCC_PREPROCESSOR_DEFINITIONS = (
					"DEBUG=1",
					"$(inherited)",
				);
				GCC_WARN_64_TO_32_BIT_CONVERSION = YES;
				GCC_WARN_ABOUT_RETURN_TYPE = YES_ERROR;
				GCC_WARN_UNDECLARED_SELECTOR = YES;
				GCC_WARN_UNINITIALIZED_AUTOS = YES_AGGRESSIVE;
				GCC_WARN_UNUSED_FUNCTION = YES;
				GCC_WARN_UNUSED_VARIABLE = YES;
				MTL_ENABLE_DEBUG_INFO = INCLUDE_SOURCE;
				MTL_FAST_MATH = YES;
				ONLY_ACTIVE_ARCH = YES;
				PRODUCT_NAME = "$(TARGET_NAME)";
				SWIFT_ACTIVE_COMPILATION_CONDITIONS = DEBUG;
				SWIFT_OPTIMIZATION_LEVEL = "-Onone";
				SWIFT_VERSION = 5.0;
			};
			name = Debug;
		};
		D3AF6E9C79B86367FC4DE8D7 /* Release */ = {
			isa = XCBuildConfiguration;
			buildSettings = {
				ASSETCATALOG_COMPILER_APPICON_NAME = AppIcon;
				CODE_SIGN_IDENTITY = "Apple Distribution";
				CODE_SIGN_STYLE = Manual;
				CURRENT_PROJECT_VERSION = 1;
				DEVELOPMENT_TEAM = 8G4H6268W7;
				GENERATE_INFOPLIST_FILE = YES;
				INFOPLIST_KEY_CFBundleDisplayName = "Tabata Ticker";
				INFOPLIST_KEY_WKCompanionAppBundleIdentifier = com.merimerimeri.tabataticker;
				MARKETING_VERSION = 1.0;
				PRODUCT_BUNDLE_IDENTIFIER = com.merimerimeri.tabataticker.watchkitapp;
				PRODUCT_NAME = "$(TARGET_NAME)";
				PROVISIONING_PROFILE_SPECIFIER = "$(WATCH_PROFILE_NAME)";
				SDKROOT = watchos;
				SKIP_INSTALL = YES;
				SUPPORTED_PLATFORMS = watchos;
				SUPPORTS_MAC_DESIGNED_FOR_IPHONE_IPAD = NO;
				SWIFT_VERSION = 6.0;
				TARGETED_DEVICE_FAMILY = 4;
				VALIDATE_PRODUCT = YES;
				WATCHOS_DEPLOYMENT_TARGET = 26.0;
			};
			name = Release;
		};
		E1FB1093B88DA4CA2F36D061 /* Debug */ = {
			isa = XCBuildConfiguration;
			buildSettings = {
				CLANG_ENABLE_OBJC_WEAK = NO;
				CODE_SIGN_STYLE = Automatic;
				CURRENT_PROJECT_VERSION = 1;
				DEVELOPMENT_TEAM = 8G4H6268W7;
				GENERATE_INFOPLIST_FILE = NO;
				INFOPLIST_FILE = iOS/Info.plist;
				INFOPLIST_KEY_CFBundleDisplayName = "Tabata Ticker";
				IPHONEOS_DEPLOYMENT_TARGET = 26.0;
				LD_RUNPATH_SEARCH_PATHS = "$(inherited) @executable_path/Frameworks";
				MARKETING_VERSION = 1.0;
				PRODUCT_BUNDLE_IDENTIFIER = com.merimerimeri.tabataticker;
				PRODUCT_NAME = "$(TARGET_NAME)";
				SDKROOT = iphonesimulator;
				SUPPORTED_PLATFORMS = iphonesimulator;
				SUPPORTS_MAC_DESIGNED_FOR_IPHONE_IPAD = NO;
				SUPPORTS_XR_DESIGNED_FOR_IPHONE_IPAD = NO;
				SWIFT_VERSION = 6.0;
				TARGETED_DEVICE_FAMILY = "1,2";
			};
			name = Debug;
		};
/* End XCBuildConfiguration section */

/* Begin XCConfigurationList section */
		6DB95EE0A3598F249FBDF25C /* Build configuration list for PBXProject "Tabata" */ = {
			isa = XCConfigurationList;
			buildConfigurations = (
				BBCF6B71B302A6DC01C02AE1 /* Debug */,
				1E4B73AC7F0A1E7B11FB6BB0 /* Release */,
			);
			defaultConfigurationIsVisible = 0;
			defaultConfigurationName = Release;
		};
		7E95BD62BE4FDE67C6A1FDAE /* Build configuration list for PBXNativeTarget "Tabata" */ = {
			isa = XCConfigurationList;
			buildConfigurations = (
				6D767E30BC4E7DEF99B0E6DC /* Release */,
				E1FB1093B88DA4CA2F36D061 /* Debug */,
			);
			defaultConfigurationIsVisible = 0;
			defaultConfigurationName = Release;
		};
		FC05771D9019370AF5370B53 /* Build configuration list for PBXNativeTarget "TabataTests" */ = {
			isa = XCConfigurationList;
			buildConfigurations = (
				5E93BBD766D6627A8419599B /* Release */,
				4E7405422486D395A4667898 /* Debug */,
			);
			defaultConfigurationIsVisible = 0;
			defaultConfigurationName = Release;
		};
		FFE516DE0B22A315EE276F6C /* Build configuration list for PBXNativeTarget "Tabata Watch App" */ = {
			isa = XCConfigurationList;
			buildConfigurations = (
				D3AF6E9C79B86367FC4DE8D7 /* Release */,
				A981AB8F38D47A6A89E600C1 /* Debug */,
			);
			defaultConfigurationIsVisible = 0;
			defaultConfigurationName = Release;
		};
/* End XCConfigurationList section */

/* Begin XCLocalSwiftPackageReference section */
		C2CF9CAF46E86C31085221DC /* XCLocalSwiftPackageReference "." */ = {
			isa = XCLocalSwiftPackageReference;
			relativePath = .;
		};
/* End XCLocalSwiftPackageReference section */

/* Begin XCSwiftPackageProductDependency section */
		6DE2AB89C2468F637BC0F9AE /* TabataCore */ = {
			isa = XCSwiftPackageProductDependency;
			package = C2CF9CAF46E86C31085221DC /* XCLocalSwiftPackageReference "." */;
			productName = TabataCore;
		};
/* End XCSwiftPackageProductDependency section */
	};
	rootObject = 5C021C86CFDF253BDC8B61BC /* Project object */;
}
